{
  "version": 1,
  "dependencies": {
    ".NETFramework,Version=v4.7.2": {
      "Microsoft.CodeAnalysis.Common": {
        "type": "Direct",
        "requested": "[3.11.0, )",
        "resolved": "3.11.0",
        "contentHash": "FDKSkRRXnaEWMa2ONkLMo0ZAt/uiV1XIXyodwKIgP1AMIKA7JJKXx/OwFVsvkkUT4BeobLwokoxFw70fICahNg==",
        "dependencies": {
          "Microsoft.CodeAnalysis.Analyzers": "3.3.2",
          "System.Collections.Immutable": "5.0.0",
          "System.Memory": "4.5.4",
          "System.Reflection.Metadata": "5.0.0",
          "System.Runtime.CompilerServices.Unsafe": "5.0.0",
          "System.Text.Encoding.CodePages": "4.5.1",
          "System.Threading.Tasks.Extensions": "4.5.4"
        }
      },
      "Microsoft.CodeAnalysis.CSharp": {
        "type": "Direct",
        "requested": "[3.11.0, )",
        "resolved": "3.11.0",
        "contentHash": "aDRRb7y/sXoJyDqFEQ3Il9jZxyUMHkShzZeCRjQf3SS84n2J0cTEi3TbwVZE9XJvAeMJhGfVVxwOdjYBg6ljmw==",
        "dependencies": {
          "Microsoft.CodeAnalysis.Common": "[3.11.0]"
        }
      },
      "Microsoft.CodeAnalysis.VisualBasic": {
        "type": "Direct",
        "requested": "[3.11.0, )",
        "resolved": "3.11.0",
        "contentHash": "i+BGiANEBvkKfhx0NChsMtSmAlhjBtRRkx77LLCgH15pkaCv+H3gfCAJY9FWfK+34691BGp07c45Ml4xulXT8g==",
        "dependencies": {
          "Microsoft.CodeAnalysis.Common": "[3.11.0]"
        }
      },
      "Microsoft.CodeAnalysis.Workspaces.Common": {
        "type": "Direct",
        "requested": "[5.6.0, )",
        "resolved": "5.6.0",
        "contentHash": "ILscYALZ5u7MRl2paiiSqn23/5qiy3vvcqBEP/C7RnGJtQQKKtPz5vEBtvDeDTaLzB9/w9d/bxfRYnaq5Pz00g==",
        "dependencies": {
          "Humanizer.Core": "2.14.1",
          "Microsoft.Bcl.AsyncInterfaces": "10.0.1",
          "Microsoft.CodeAnalysis.Analyzers": "5.3.0",
          "Microsoft.CodeAnalysis.Common": "[5.6.0]",
          "System.Buffers": "4.6.1",
          "System.Collections.Immutable": "10.0.1",
          "System.Composition": "10.0.1",
          "System.IO.Pipelines": "10.0.1",
          "System.Memory": "4.6.3",
          "System.Numerics.Vectors": "4.6.1",
          "System.Reflection.Metadata": "10.0.1",
          "System.Runtime.CompilerServices.Unsafe": "6.1.2",
          "System.Text.Encoding.CodePages": "8.0.0",
          "System.Threading.Channels": "8.0.0",
          "System.Threading.Tasks.Extensions": "4.6.3"
        }
      },
      "Microsoft.VisualStudio.LanguageServices": {
        "type": "Direct",
        "requested": "[3.11.0, )",
        "resolved": "3.11.0",
        "contentHash": "igs65alqrom0ogrF/ehqc3g1bmekoZERDLHwIOcZDvruRFwhmTo3rBhOTiKEAUChg62aPWIvWB1mVYAgda1tMQ==",
        "dependencies": {
          "Microsoft.CSharp": "4.3.0",
          "Microsoft.CodeAnalysis.Common": "[3.11.0]",
          "Microsoft.CodeAnalysis.EditorFeatures.Text": "[3.11.0]",
          "Microsoft.CodeAnalysis.Features": "[3.11.0]",
          "Microsoft.CodeAnalysis.Workspaces.Common": "[3.11.0]",
          "Microsoft.VisualStudio.Composition": "16.9.20",
          "System.Threading.Tasks.Dataflow": "5.0.0"
        }
      },
      "BouncyCastle.Cryptography": {
        "type": "Transitive",
        "resolved": "2.7.0",
        "contentHash": "U+12df8UEWHgBi04YVf/Lgi2dy3SItlIYvHjjEVa/BngCQIzDCDRBk50DDByCfDvSbe5pRNFr3b7UrVK2kMcLw=="
      },
      "Humanizer.Core": {
        "type": "Transitive",
        "resolved": "2.14.1",
        "contentHash": "lQKvtaTDOXnoVJ20ibTuSIOf2i0uO0MPbDhd1jm238I+U/2ZnRENj0cktKZhtchBMtCUSRQ5v4xBCUbKNmyVMw=="
      },
      "MessagePack": {
        "type": "Transitive",
        "resolved": "2.1.152",
        "contentHash": "PlJ31qf42uGuJfwc61x/Pt4hJi01xh1rrBofj1MJSLzEot/2UAIRdSgxEHN/8qou5CV8OBeDM9HXKPi1Oj8rpQ==",
        "dependencies": {
          "MessagePack.Annotations": "2.1.152",
          "Microsoft.Bcl.AsyncInterfaces": "1.0.0",
          "System.Memory": "4.5.3",
          "System.Reflection.Emit": "4.6.0",
          "System.Reflection.Emit.Lightweight": "4.6.0",
          "System.Runtime.CompilerServices.Unsafe": "4.5.2",
          "System.Threading.Tasks.Extensions": "4.5.3"
        }
      },
      "MessagePack.Annotations": {
        "type": "Transitive",
        "resolved": "2.1.152",
        "contentHash": "RONktDA/HA641ds/2bfOqYSVew8o8EJMcQ1P4M1J77QGgbzWiWt3nBHvCAwlx0VfO6K9S8xq4b5OLD2CUnhtCg=="
      },
      "MessagePackAnalyzer": {
        "type": "Transitive",
        "resolved": "2.1.152",
        "contentHash": "uJhZlGMkXDaFYsH8V9S6o1EyvsUqB9mpU4DVBXNr0DXZVzZMhuLP1IkLj5xK3EKlaAcvkFkZv3eSvuz360wb3Q=="
      },
      "Microsoft.Bcl.AsyncInterfaces": {
        "type": "Transitive",
        "resolved": "10.0.1",
        "contentHash": "E1HSLkPHXEO30JEij2pWbOuzz1Z5ND4a5l7IP1T2RgQuE0a0NzEIvtO64RNy3Otn6PFezbT80cfm3M/Cgt70PA==",
        "dependencies": {
          "System.Threading.Tasks.Extensions": "4.6.3"
        }
      },
      "Microsoft.CodeAnalysis.Analyzers": {
        "type": "Transitive",
        "resolved": "5.3.0",
        "contentHash": "KuLhbZwB0L8JikL86AE5VWEp3RLNjIcp+j8yz9EJ/UBgRz4+qDEjHg/tluRFbpYpD/e37BqaaNFbQ0vqawBwWQ=="
      },
      "Microsoft.CodeAnalysis.AnalyzerUtilities": {
        "type": "Transitive",
        "resolved": "3.3.0",
        "contentHash": "gyQ70pJ4T7hu/s0+QnEaXtYfeG/JrttGnxHJlrhpxsQjRIUGuRhVwNBtkHHYOrUAZ/l47L98/NiJX6QmTwAyrg=="
      },
      "Microsoft.CodeAnalysis.EditorFeatures.Text": {
        "type": "Transitive",
        "resolved": "3.11.0",
        "contentHash": "kzTA3dFcBB4M3ft/T4nSPi4fst4N7Vi37zUnWhhs0SAb/jEqeWvD+g4RkB4/0x2pg6YlaaK7ZXqosUqiizhGNw==",
        "dependencies": {
          "Microsoft.CodeAnalysis.Common": "[3.11.0]",
          "Microsoft.CodeAnalysis.Workspaces.Common": "[3.11.0]",
          "Microsoft.VisualStudio.CoreUtility": "16.10.230",
          "Microsoft.VisualStudio.Text.Data": "16.10.230",
          "Microsoft.VisualStudio.Text.Logic": "16.10.230",
          "Microsoft.VisualStudio.Threading": "16.10.56"
        }
      },
      "Microsoft.CodeAnalysis.Features": {
        "type": "Transitive",
        "resolved": "3.11.0",
        "contentHash": "FZi4btbqla9fxBbMBOrlwJIvOxmb80E32fQ69IhU4NNQiLSF3LIyOUSQvnV6xl1MccGET7W+NUPtEexsH8GNjA==",
        "dependencies": {
          "Microsoft.CodeAnalysis.AnalyzerUtilities": "3.3.0",
          "Microsoft.CodeAnalysis.Common": "[3.11.0]",
          "Microsoft.CodeAnalysis.Scripting.Common": "[3.11.0]",
          "Microsoft.CodeAnalysis.Workspaces.Common": "[3.11.0]",
          "Microsoft.DiaSymReader": "1.3.0",
          "Microsoft.VisualStudio.Debugger.Contracts": "16.10.0-beta.21214.1",
          "System.Threading.Tasks.Extensions": "4.5.4"
        }
      },
      "Microsoft.CodeAnalysis.Scripting.Common": {
        "type": "Transitive",
        "resolved": "3.11.0",
        "contentHash": "3R0TwSj+74/iDl9R2MDwsGiyrYjCnIKs5a1e17Fa/jGI/C5/c3v/X7tAhnvdXl7pIUnXtTjyWrkVLTv5EKBPmQ==",
        "dependencies": {
          "Microsoft.CodeAnalysis.Common": "[3.11.0]"
        }
      },
      "Microsoft.CSharp": {
        "type": "Transitive",
        "resolved": "4.3.0",
        "contentHash": "P+MBhIM0YX+JqROuf7i306ZLJEjQYA9uUyRDE+OqwUI5sh41e2ZbPQV3LfAPh+29cmceE1pUffXsGfR4eMY3KA=="
      },
      "Microsoft.DiaSymReader": {
        "type": "Transitive",
        "resolved": "1.3.0",
        "contentHash": "/fn1Tfo7j7k/slViPlM8azJuxQmri7FZ8dQ+gTeLbI29leN/1VK0U/BFcRdJNctsRCUgyKJ2q+I0Tjq07Rc1/Q=="
      },
      "Microsoft.VisualStudio.Composition": {
        "type": "Transitive",
        "resolved": "16.9.20",
        "contentHash": "7vrGl8+9p+vBpqfnQlQ0I2/2qRk3coYxszn9Mu12Xxxoqc/FfHcxJUyGgdqoc0o1EAwkXzKm7FNuyOHFhQ1McQ==",
        "dependencies": {
          "Microsoft.VisualStudio.Composition.Analyzers": "16.9.20",
          "Microsoft.VisualStudio.Composition.NetFxAttributes": "16.9.20",
          "Microsoft.VisualStudio.Validation": "15.5.31",
          "System.ComponentModel.Composition": "4.5.0",
          "System.Composition": "1.0.31",
          "System.Reflection.Emit": "4.3.0",
          "System.Reflection.Metadata": "1.6.0",
          "System.Reflection.TypeExtensions": "4.3.0",
          "System.Threading.Tasks.Dataflow": "4.11.1"
        }
      },
      "Microsoft.VisualStudio.Composition.Analyzers": {
        "type": "Transitive",
        "resolved": "16.9.20",
        "contentHash": "3SoUdxqmeczGmNwifgzlVDMtSYd3tyB/9qoqiN8dl9UVPI3uQKW2XwUQn86l34P3IabJMsj4EbHKZ8q9fkeDGw=="
      },
      "Microsoft.VisualStudio.Composition.NetFxAttributes": {
        "type": "Transitive",
        "resolved": "16.9.20",
        "contentHash": "HlPvzs95ONvqML2WsEyu9WpBSMYTwrKugeyyRXeH0x6qDVfYhkSVbZz9nLXJQstNMY+OY7aLu4xKZOwui9f6ag==",
        "dependencies": {
          "System.ComponentModel.Composition": "4.5.0"
        }
      },
      "Microsoft.VisualStudio.CoreUtility": {
        "type": "Transitive",
        "resolved": "16.10.230",
        "contentHash": "segnoghs4hfsD3tpM8t+6gcP1PS4a8iHR2GfeAxQjuNQPNnbFSdB376O0wjAx5/qk8H4ZyZJ7fDfv0iP0ZTL/Q==",
        "dependencies": {
          "Microsoft.VisualStudio.Threading": "16.10.56",
          "System.Collections.Immutable": "5.0.0",
          "System.ComponentModel.Composition": "4.5.0"
        }
      },
      "Microsoft.VisualStudio.Debugger.Contracts": {
        "type": "Transitive",
        "resolved": "16.10.0-beta.21214.1",
        "contentHash": "ybpSfj18yDue4O4YAljlkHrCFECjTAy/llhlDFE2NO5e586zdsjfqwJw5+ydVM2WCYQK+CwlB6YboKaqjnKGjA==",
        "dependencies": {
          "MessagePack": "2.1.152",
          "MessagePackAnalyzer": "2.1.152",
          "Microsoft.Bcl.AsyncInterfaces": "1.1.1",
          "System.Collections.Immutable": "1.5.0"
        }
      },
      "Microsoft.VisualStudio.Text.Data": {
        "type": "Transitive",
        "resolved": "16.10.230",
        "contentHash": "6uKWOu5nlP5PyxFj8brV2n2k0OY9Ax1/JVgY6QEdhcDMHrCEhIyAiZO4SsDoMmTSv0rXfgxLTZpl/+nQjPyfEg==",
        "dependencies": {
          "Microsoft.VisualStudio.CoreUtility": "16.10.230",
          "Microsoft.VisualStudio.Threading": "16.10.56"
        }
      },
      "Microsoft.VisualStudio.Text.Logic": {
        "type": "Transitive",
        "resolved": "16.10.230",
        "contentHash": "+eQJ9gkbZfr/pFBJxjHNND9X4e2vjK7AByacbB2+vNen85dXhpwxvZnKYNlnbubtROwmc8CIPSaj+Kg3xHc9kA==",
        "dependencies": {
          "Microsoft.VisualStudio.CoreUtility": "16.10.230",
          "Microsoft.VisualStudio.Text.Data": "16.10.230",
          "System.Collections.Immutable": "5.0.0",
          "System.ComponentModel.Composition": "4.5.0"
        }
      },
      "Microsoft.VisualStudio.Threading": {
        "type": "Transitive",
        "resolved": "16.10.56",
        "contentHash": "RjV4Y+/Qh+nSFVPJJXby56W4Th5Z4fi8dBfJY5v8HsO7vA749OsqGdVVfUiXAySsZmJTh6cE9kM0faB/dgIPFA==",
        "dependencies": {
          "Microsoft.Bcl.AsyncInterfaces": "5.0.0",
          "Microsoft.VisualStudio.Threading.Analyzers": "16.10.56",
          "Microsoft.VisualStudio.Validation": "16.9.32",
          "Microsoft.Win32.Registry": "5.0.0",
          "System.Threading.Tasks.Extensions": "4.5.4"
        }
      },
      "Microsoft.VisualStudio.Threading.Analyzers": {
        "type": "Transitive",
        "resolved": "16.10.56",
        "contentHash": "uTvu9fbmHTtRFY5xUgG45waU+ARad0JxyG/2btOC9Su6RTo3PrGVXKU2vHDtVELqlJsnKImhMaPH3YR0XCVwDg=="
      },
      "Microsoft.VisualStudio.Validation": {
        "type": "Transitive",
        "resolved": "16.9.32",
        "contentHash": "4Ozqy5OjtU4k9aKT76or3y8tVq6ju8+ba4YZHIe5wTb28jeCg11zkK6bdI4kj8s+k5OSekyO+FkUyoOkvPkgVg=="
      },
      "Microsoft.Win32.Registry": {
        "type": "Transitive",
        "resolved": "5.0.0",
        "contentHash": "dDoKi0PnDz31yAyETfRntsLArTlVAVzUzCIvvEDsDsucrl33Dl8pIJG06ePTJTI3tGpeyHS9Cq7Foc/s4EeKcg==",
        "dependencies": {
          "System.Security.AccessControl": "5.0.0",
          "System.Security.Principal.Windows": "5.0.0"
        }
      },
      "Newtonsoft.Json": {
        "type": "Transitive",
        "resolved": "13.0.3",
        "contentHash": "HrC5BXdl00IP9zeV+0Z848QWPAoCr9P3bDEZguI+gkLcBKAOxix/tLEAAHC+UvDNPv4a2d18lOReHMOagPa+zQ=="
      },
      "System.Buffers": {
        "type": "Transitive",
        "resolved": "4.6.1",
        "contentHash": "N8GXpmiLMtljq7gwvyS+1QvKT/W2J8sNAvx+HVg4NGmsG/H+2k/y9QI23auLJRterrzCiDH+IWAw4V/GPwsMlw=="
      },
      "System.Collections.Immutable": {
        "type": "Transitive",
        "resolved": "10.0.1",
        "contentHash": "kdTe61B8P7i2M1pODC3MLbZ/CfFGjpC6c6jzxjQoB5DHZNewayCRqgFUmx3JKB6vLQtozpMQEiw+R5fO32Jv4g==",
        "dependencies": {
          "System.Memory": "4.6.3",
          "System.Runtime.CompilerServices.Unsafe": "6.1.2"
        }
      },
      "System.ComponentModel.Composition": {
        "type": "Transitive",
        "resolved": "4.5.0",
        "contentHash": "+iB9FoZnfdqMEGq6np28X6YNSUrse16CakmIhV3h6PxEWt7jYxUN3Txs1D8MZhhf4QmyvK0F/EcIN0f4gGN0dA=="
      },
      "System.Composition": {
        "type": "Transitive",
        "resolved": "10.0.1",
        "contentHash": "DJkqaWQfho/ReTzKcZD3zJJ6K4GcS154k+T0UCPMBNIOZ2U/lNpyiiWZ6Etw0onWyTH1K+yhICsdmwA5xy2aPQ==",
        "dependencies": {
          "System.Composition.AttributedModel": "10.0.1",
          "System.Composition.Convention": "10.0.1",
          "System.Composition.Hosting": "10.0.1",
          "System.Composition.Runtime": "10.0.1",
          "System.Composition.TypedParts": "10.0.1"
        }
      },
      "System.Composition.AttributedModel": {
        "type": "Transitive",
        "resolved": "10.0.1",
        "contentHash": "mRxYvpCVPAeuLEk0c0kxWJVjbW1/HUoxCgYotOj9eDeQiYcTDOMdCQApsTrHYMN3pHBA8WoF00KGolG632Etaw=="
      },
      "System.Composition.Convention": {
        "type": "Transitive",
        "resolved": "10.0.1",
        "contentHash": "dYynUByfVBzYDheNPGxS8UN8AvG/4tXf/coSs1odHOyoh4etv1kad/FrLWLMq4f8NO49NV20Xu+0/y613woTUA==",
        "dependencies": {
          "System.Composition.AttributedModel": "10.0.1"
        }
      },
      "System.Composition.Hosting": {
        "type": "Transitive",
        "resolved": "10.0.1",
        "contentHash": "4UGmyBdKWEN1nkqspJlji/nV7XIVm6KGlOC2So0mtM/gKvaNgLz+tUkcbY+6Zpr7dr6ohX1S5yl0RLID5otRHw==",
        "dependencies": {
          "System.Composition.Runtime": "10.0.1"
        }
      },
      "System.Composition.Runtime": {
        "type": "Transitive",
        "resolved": "10.0.1",
        "contentHash": "TVfys1gnUIhmXuYfFzyez0fOkDyELe9UwlxYeVlq6FmqmWmt1ouF0OQJ+6ozkHbkaop7uBUaXw7Qb+/o0m+nMg=="
      },
      "System.Composition.TypedParts": {
        "type": "Transitive",
        "resolved": "10.0.1",
        "contentHash": "koSfjkdQZfgQr3SyiSIBboDn+GiR0vZ3x9Uek9FJbXK0w5AiATV8KrnMEP8B8OAlO+Y3zQf0CPCNzwH+VIYDKg==",
        "dependencies": {
          "System.Composition.AttributedModel": "10.0.1",
          "System.Composition.Hosting": "10.0.1",
          "System.Composition.Runtime": "10.0.1"
        }
      },
      "System.IO.Abstractions": {
        "type": "Transitive",
        "resolved": "9.0.6",
        "contentHash": "FytuUXz0BsK81ChtExUanYIzk9Zh6R9Pdu9b3jPg3R14uvyGmQNiX0mKgqVBBYhHHx7sIyTdLwYOnXbfpEGySA=="
      },
      "System.IO.Pipelines": {
        "type": "Transitive",
        "resolved": "10.0.1",
        "contentHash": "26LbFXHKd7PmRnWlkjnYgmjd5B6HYVG+1MpTO25BdxTJnx6D0O16JPAC/S4YBqjtt4YpfGj1QO/Ss6SPMGEGQw==",
        "dependencies": {
          "System.Buffers": "4.6.1",
          "System.Memory": "4.6.3",
          "System.Threading.Tasks.Extensions": "4.6.3"
        }
      },
      "System.Memory": {
        "type": "Transitive",
        "resolved": "4.6.3",
        "contentHash": "qdcDOgnFZY40+Q9876JUHnlHu7bosOHX8XISRoH94fwk6hgaeQGSgfZd8srWRZNt5bV9ZW2TljcegDNxsf+96A==",
        "dependencies": {
          "System.Buffers": "4.6.1",
          "System.Numerics.Vectors": "4.6.1",
          "System.Runtime.CompilerServices.Unsafe": "6.1.2"
        }
      },
      "System.Numerics.Vectors": {
        "type": "Transitive",
        "resolved": "4.6.1",
        "contentHash": "sQxefTnhagrhoq2ReR0D/6K0zJcr9Hrd6kikeXsA1I8kOCboTavcUC4r7TSfpKFeE163uMuxZcyfO1mGO3EN8Q=="
      },
      "System.Reflection": {
        "type": "Transitive",
        "resolved": "4.3.0",
        "contentHash": "KMiAFoW7MfJGa9nDFNcfu+FpEdiHpWgTcS2HdMpDvt9saK3y/G4GwprPyzqjFH9NTaGPQeWNHU+iDlDILj96aQ=="
      },
      "System.Reflection.Emit": {
        "type": "Transitive",
        "resolved": "4.6.0",
        "contentHash": "qAo4jyXtC9i71iElngX7P2r+zLaiHzxKwf66sc3X91tL5Ks6fnQ1vxL04o7ZSm3sYfLExySL7GN8aTpNYpU1qw=="
      },
      "System.Reflection.Emit.Lightweight": {
        "type": "Transitive",
        "resolved": "4.6.0",
        "contentHash": "j/V5HVvxvBQ7uubYD0PptQW2KGsi1Pc2kZ9yfwLixv3ADdjL/4M78KyC5e+ymW612DY8ZE4PFoZmWpoNmN2mqg=="
      },
      "System.Reflection.Metadata": {
        "type": "Transitive",
        "resolved": "10.0.1",
        "contentHash": "zpcfT/wacPPhE17zcudozlxQtWN/84qyiMyZNGLnK4cj2IMBtLsZYwYjVnALUhPliwyUVj/P7kaZvBWYBCnf2Q==",
        "dependencies": {
          "System.Collections.Immutable": "10.0.1"
        }
      },
      "System.Reflection.TypeExtensions": {
        "type": "Transitive",
        "resolved": "4.3.0",
        "contentHash": "7u6ulLcZbyxB5Gq0nMkQttcdBTx57ibzw+4IOXEfR+sXYQoHvjW5LTLyNr8O22UIMrqYbchJQJnos4eooYzYJA==",
        "dependencies": {
          "System.Reflection": "4.3.0"
        }
      },
      "System.Runtime.CompilerServices.Unsafe": {
        "type": "Transitive",
        "resolved": "6.1.2",
        "contentHash": "2hBr6zdbIBTDE3EhK7NSVNdX58uTK6iHW/P/Axmm9sl1xoGSLqDvMtpecn226TNwHByFokYwJmt/aQQNlO5CRw=="
      },
      "System.Security.AccessControl": {
        "type": "Transitive",
        "resolved": "5.0.0",
        "contentHash": "dagJ1mHZO3Ani8GH0PHpPEe/oYO+rVdbQjvjJkBRNQkX4t0r1iaeGn8+/ybkSLEan3/slM0t59SVdHzuHf2jmw==",
        "dependencies": {
          "System.Security.Principal.Windows": "5.0.0"
        }
      },
      "System.Security.Principal.Windows": {
        "type": "Transitive",
        "resolved": "5.0.0",
        "contentHash": "t0MGLukB5WAVU9bO3MGzvlGnyJPgUlcwerXn1kzBRjwLKixT96XV0Uza41W49gVd8zEMFu9vQEFlv0IOrytICA=="
      },
      "System.Text.Encoding.CodePages": {
        "type": "Transitive",
        "resolved": "8.0.0",
        "contentHash": "OZIsVplFGaVY90G2SbpgU7EnCoOO5pw1t4ic21dBF3/1omrJFpAGoNAVpPyMVOC90/hvgkGG3VFqR13YgZMQfg==",
        "dependencies": {
          "System.Memory": "4.5.5",
          "System.Runtime.CompilerServices.Unsafe": "6.0.0"
        }
      },
      "System.Threading.Channels": {
        "type": "Transitive",
        "resolved": "8.0.0",
        "contentHash": "CMaFr7v+57RW7uZfZkPExsPB6ljwzhjACWW1gfU35Y56rk72B/Wu+sTqxVmGSk4SFUlPc3cjeKND0zktziyjBA==",
        "dependencies": {
          "System.Threading.Tasks.Extensions": "4.5.4"
        }
      },
      "System.Threading.Tasks.Dataflow": {
        "type": "Transitive",
        "resolved": "5.0.0",
        "contentHash": "NBp0zSAMZp4muDje6XmbDfmkqw9+qsDCHp+YMEtnVgHEjQZ3Q7MzFTTp3eHqpExn4BwMrS7JkUVOTcVchig4Sw=="
      },
      "System.Threading.Tasks.Extensions": {
        "type": "Transitive",
        "resolved": "4.6.3",
        "contentHash": "7sCiwilJLYbTZELaKnc7RecBBXWXA+xMLQWZKWawBxYjp6DBlSE3v9/UcvKBvr1vv2tTOhipiogM8rRmxlhrVA==",
        "dependencies": {
          "System.Runtime.CompilerServices.Unsafe": "6.1.2"
        }
      },
      "SonarLint.VisualStudio.Core": {
        "type": "Project",
        "dependencies": {
          "BouncyCastle.Cryptography": "[2.7.0, )",
          "Newtonsoft.Json": "[13.0.3, )",
          "System.Collections.Immutable": "[5.0.0, )",
          "System.IO.Abstractions": "[9.0.6, )",
          "System.Threading.Channels": "[7.0.0, )"
        }
      }
    }
  }
}
