{
  "version": 1,
  "dependencies": {
    ".NETFramework,Version=v4.7.2": {
      "Microsoft.CodeAnalysis.Common": {
        "type": "Direct",
        "requested": "[3.3.1, )",
        "resolved": "3.3.1",
        "contentHash": "N5yQdGy+M4kimVG7hwCeGTCfgYjK2o5b/Shumkb/rCC+/SAkvP1HUAYK+vxPFS7dLJNtXLRsmPHKj3fnyNWnrw==",
        "dependencies": {
          "Microsoft.CodeAnalysis.Analyzers": "2.9.4",
          "System.Collections.Immutable": "1.5.0",
          "System.Memory": "4.5.3",
          "System.Reflection.Metadata": "1.6.0",
          "System.Runtime.CompilerServices.Unsafe": "4.5.2",
          "System.Text.Encoding.CodePages": "4.5.1",
          "System.Threading.Tasks.Extensions": "4.5.3"
        }
      },
      "Newtonsoft.Json": {
        "type": "Direct",
        "requested": "[13.0.1, )",
        "resolved": "13.0.1",
        "contentHash": "ppPFpBcvxdsfUonNcvITKqLl3bqxWbDCZIzDWHzjpdAHRFfZe0Dw9HmA0+za13IdyrgJwpkDTDA9fHaxOrt20A=="
      },
      "SonarAnalyzer.CSharp": {
        "type": "Direct",
        "requested": "[8.35.0.42613, )",
        "resolved": "8.35.0.42613",
        "contentHash": "bSEpHYZXrSOXJVMr6ozINn0sO5WT9ShmOUZJsJN2CCgyzUhPUZd0wnp59cm9zUiBA28B7yESPo61nbX5trICYw=="
      },
      "SonarAnalyzer.VisualBasic": {
        "type": "Direct",
        "requested": "[8.35.0.42613, )",
        "resolved": "8.35.0.42613",
        "contentHash": "PLncT+RnV45K3DJH7tnevcj9wdKjrCszP2gORU2tRR4Eqcjw+0+Va/39vMxR7s0LGztsOyK9Yi4h/f6F7rLF7A=="
      },
      "System.Collections.Immutable": {
        "type": "Direct",
        "requested": "[1.5.0, )",
        "resolved": "1.5.0",
        "contentHash": "EXKiDFsChZW0RjrZ4FYHu9aW6+P4MCgEDCklsVseRfhoO0F+dXeMSsMRAlVXIo06kGJ/zv+2w1a2uc2+kxxSaQ=="
      },
      "System.IO.Abstractions": {
        "type": "Direct",
        "requested": "[9.0.4, )",
        "resolved": "9.0.4",
        "contentHash": "1h4krG51ZiW/CGzM8gtqrRW2oeG6WZDfPaj27suexL8PxBVahsUlUKMJrqI4kkh6ggHLSDd7MFeU8orpk6COZg=="
      },
      "BouncyCastle": {
        "type": "Transitive",
        "resolved": "1.8.6.1",
        "contentHash": "rkqpuKmJkdcfTMBkIj1b5nMdBAWKwAyh+I/BQYeqqSD2jkIlhwc9qBNKmSbnpmmm5c29qHZGLpvBSTNWvDLtQA=="
      },
      "Google.Protobuf": {
        "type": "Transitive",
        "resolved": "3.6.1",
        "contentHash": "741fGeDQjixBJaU2j+0CbrmZXsNJkTn/hWbOh4fLVXndHsCclJmWznCPWrJmPoZKvajBvAz3e8ECJOUvRtwjNQ=="
      },
      "Grpc.Tools": {
        "type": "Transitive",
        "resolved": "1.4.1",
        "contentHash": "D5AcNr0yPFz5dqftJYKnMtwg6AEMUics+UysxTXKVuZtresqWUcHIrnscM+KsAIreG7wvdumWzjdIXRIMekCLg=="
      },
      "Microsoft.CodeAnalysis.Analyzers": {
        "type": "Transitive",
        "resolved": "2.9.4",
        "contentHash": "alIJhS0VUg/7x5AsHEoovh/wRZ0RfCSS7k5pDSqpRLTyuMTtRgj6OJJPRApRhJHOGYYsLakf1hKeXFoDwKwNkg=="
      },
      "System.Buffers": {
        "type": "Transitive",
        "resolved": "4.4.0",
        "contentHash": "AwarXzzoDwX6BgrhjoJsk6tUezZEozOT5Y9QKF94Gl4JK91I4PIIBkBco9068Y9/Dra8Dkbie99kXB8+1BaYKw=="
      },
      "System.Memory": {
        "type": "Transitive",
        "resolved": "4.5.3",
        "contentHash": "3oDzvc/zzetpTKWMShs1AADwZjQ/36HnsufHRPcOjyRAAMLDlu2iD33MBI2opxnezcVUtXyqDXXjoFMOU9c7SA==",
        "dependencies": {
          "System.Buffers": "4.4.0",
          "System.Numerics.Vectors": "4.4.0",
          "System.Runtime.CompilerServices.Unsafe": "4.5.2"
        }
      },
      "System.Net.Http": {
        "type": "Transitive",
        "resolved": "4.0.0",
        "contentHash": "mZuAl7jw/mFY8jUq4ITKECxVBh9a8SJt9BC/+lJbmo7cRKspxE3PsITz+KiaCEsexN5WYPzwBOx0oJH/0HlPyQ=="
      },
      "System.Numerics.Vectors": {
        "type": "Transitive",
        "resolved": "4.4.0",
        "contentHash": "UiLzLW+Lw6HLed1Hcg+8jSRttrbuXv7DANVj0DkL9g6EnnzbL75EB7EWsw5uRbhxd/4YdG8li5XizGWepmG3PQ=="
      },
      "System.Reflection.Metadata": {
        "type": "Transitive",
        "resolved": "1.6.0",
        "contentHash": "COC1aiAJjCoA5GBF+QKL2uLqEBew4JsCkQmoHKbN3TlOZKa2fKLz5CpiRQKDz0RsAOEGsVKqOD5bomsXq/4STQ==",
        "dependencies": {
          "System.Collections.Immutable": "1.5.0"
        }
      },
      "System.Runtime.CompilerServices.Unsafe": {
        "type": "Transitive",
        "resolved": "4.5.2",
        "contentHash": "wprSFgext8cwqymChhrBLu62LMg/1u92bU+VOwyfBimSPVFXtsNqEWC92Pf9ofzJFlk4IHmJA75EDJn1b2goAQ=="
      },
      "System.Text.Encoding.CodePages": {
        "type": "Transitive",
        "resolved": "4.5.1",
        "contentHash": "4J2JQXbftjPMppIHJ7IC+VXQ9XfEagN92vZZNoG12i+zReYlim5dMoXFC1Zzg7tsnKDM7JPo5bYfFK4Jheq44w==",
        "dependencies": {
          "System.Runtime.CompilerServices.Unsafe": "4.5.2"
        }
      },
      "System.Threading.Tasks.Extensions": {
        "type": "Transitive",
        "resolved": "4.5.3",
        "contentHash": "+MvhNtcvIbqmhANyKu91jQnvIRVSTiaOiFNfKWwXGHG48YAb4I/TyH8spsySiPYla7gKal5ZnF3teJqZAximyQ==",
        "dependencies": {
          "System.Runtime.CompilerServices.Unsafe": "4.5.2"
        }
      },
      "SonarLint.VisualStudio.Core": {
        "type": "Project",
        "dependencies": {
          "Newtonsoft.Json": "13.0.1",
          "SonarQube.Client": "1.0.0",
          "System.IO.Abstractions": "7.1.10"
        }
      },
      "sonarqube.client": {
        "type": "Project",
        "dependencies": {
          "BouncyCastle": "1.8.6.1",
          "Google.Protobuf": "3.6.1",
          "Grpc.Tools": "1.4.1",
          "Newtonsoft.Json": "13.0.1",
          "System.Net.Http": "4.0.0"
        }
      }
    }
  }
}