
Microsoft Visual Studio Solution File, Format Version 12.00
# Visual Studio Version 17
VisualStudioVersion = 17.0.31815.197
MinimumVisualStudioVersion = 10.0.40219.1
Project("{9A19103F-16F7-4668-BE54-9A1E7A4F7556}") = "Integration.Vsix", "src\Integration.Vsix\Integration.Vsix.csproj", "{FF2AD819-28F4-493A-8E9B-1D3F16BD4689}"
	ProjectSection(ProjectDependencies) = postProject
		{0E50D9A0-693D-4B4E-81E2-8B8028231CFA} = {0E50D9A0-693D-4B4E-81E2-8B8028231CFA}
	EndProjectSection
EndProject
Project("{9A19103F-16F7-4668-BE54-9A1E7A4F7556}") = "Integration", "src\Integration\Integration.csproj", "{03278C1A-EE78-4FA7-A5B0-1AB0A81EA76F}"
EndProject
Project("{9A19103F-16F7-4668-BE54-9A1E7A4F7556}") = "Integration.UnitTests", "src\Integration.UnitTests\Integration.UnitTests.csproj", "{CB59EF29-8193-4F32-866E-64FBB6199283}"
EndProject
Project("{9A19103F-16F7-4668-BE54-9A1E7A4F7556}") = "TestInfrastructure", "src\TestInfrastructure\TestInfrastructure.csproj", "{FBD8024A-9795-4E5B-938E-AFE44FCA240C}"
EndProject
Project("{9A19103F-16F7-4668-BE54-9A1E7A4F7556}") = "Integration.Vsix.UnitTests", "src\Integration.Vsix.UnitTests\Integration.Vsix.UnitTests.csproj", "{203F7669-02B6-4314-BD11-20E8D7C19FBC}"
EndProject
Project("{9A19103F-16F7-4668-BE54-9A1E7A4F7556}") = "Progress", "src\Progress\Progress.csproj", "{140A6FE4-C8F7-4AF7-B4C8-EEEAE4E0B1A4}"
EndProject
Project("{9A19103F-16F7-4668-BE54-9A1E7A4F7556}") = "ProgressVS", "src\ProgressVS\ProgressVS.csproj", "{B00C57EB-F4EC-43CE-A849-90DA04775B84}"
EndProject
Project("{9A19103F-16F7-4668-BE54-9A1E7A4F7556}") = "Progress.TestFramework", "src\Progress.TestFramework\Progress.TestFramework.csproj", "{AB7A8888-EF8B-4F6D-8005-398744A60BA2}"
EndProject
Project("{9A19103F-16F7-4668-BE54-9A1E7A4F7556}") = "Progress.UnitTests", "src\Progress.UnitTests\Progress.UnitTests.csproj", "{33315FCB-3D07-4177-944E-AA45CC3C5539}"
EndProject
Project("{2150E333-8FDC-42A3-9474-1A3956D46DE8}") = "Solution Items", "Solution Items", "{A4C88C9A-7C47-47FE-8AB6-8D7588D05EF1}"
	ProjectSection(SolutionItems) = preProject
		src\AssemblyInfo.Shared.cs = src\AssemblyInfo.Shared.cs
		Directory.Build.props = Directory.Build.props
		Directory.Build.targets = Directory.Build.targets
		SonarLint.VsTargetVersion.props = SonarLint.VsTargetVersion.props
	EndProjectSection
EndProject
Project("{2150E333-8FDC-42A3-9474-1A3956D46DE8}") = ".sonarlint", ".sonarlint", "{71E68181-C534-4C18-84AA-42A8C273414E}"
	ProjectSection(SolutionItems) = preProject
		src\SonarQube\SolutionBinding.sqconfig = src\SonarQube\SolutionBinding.sqconfig
		src\SonarQube\sonarlint-visualstudioCSharp.ruleset = src\SonarQube\sonarlint-visualstudioCSharp.ruleset
		src\SonarLint.xml = src\SonarLint.xml
	EndProjectSection
EndProject
Project("{9A19103F-16F7-4668-BE54-9A1E7A4F7556}") = "Integration.TeamExplorer", "src\Integration.TeamExplorer\Integration.TeamExplorer.csproj", "{9FCAEACD-EDEA-42D3-A8E4-16E42D1CF8F4}"
EndProject
Project("{9A19103F-16F7-4668-BE54-9A1E7A4F7556}") = "Integration.TeamExplorer.UnitTests", "src\Integration.TeamExplorer.UnitTests\Integration.TeamExplorer.UnitTests.csproj", "{115CC746-5181-485C-8707-346E8D55B1E5}"
EndProject
Project("{9A19103F-16F7-4668-BE54-9A1E7A4F7556}") = "SonarQube.Client", "sonarqube-webclient\SonarQube.Client\SonarQube.Client.csproj", "{53AC9A18-9801-422F-98E7-815999E4C569}"
EndProject
Project("{9A19103F-16F7-4668-BE54-9A1E7A4F7556}") = "SonarQube.Client.Tests", "sonarqube-webclient\SonarQube.Client.Tests\SonarQube.Client.Tests.csproj", "{2D75E7DA-4DD0-4422-BCAF-D0E5093C74DC}"
EndProject
Project("{9A19103F-16F7-4668-BE54-9A1E7A4F7556}") = "Core", "src\Core\Core.csproj", "{4F379759-6798-4C98-9CDD-31853F8E46DF}"
EndProject
Project("{9A19103F-16F7-4668-BE54-9A1E7A4F7556}") = "Core.UnitTests", "src\Core.UnitTests\Core.UnitTests.csproj", "{11960170-E82F-4241-B1AA-552F168D11AD}"
EndProject
Project("{2150E333-8FDC-42A3-9474-1A3956D46DE8}") = "src", "src", "{90141AF9-756E-4E14-ABFC-A553C43037CB}"
	ProjectSection(SolutionItems) = preProject
		src\AssemblyInfo.Shared.cs = src\AssemblyInfo.Shared.cs
		src\Directory.Build.props = src\Directory.Build.props
		src\EmbeddedSonarAnalyzer.props = src\EmbeddedSonarAnalyzer.props
		src\SonarLint.Product.props = src\SonarLint.Product.props
		src\SonarLint.Test.props = src\SonarLint.Test.props
		src\SonarLint.VsPkgRefs.props = src\SonarLint.VsPkgRefs.props
		src\SonarLint.VSSpecificAssemblies.props = src\SonarLint.VSSpecificAssemblies.props
	EndProjectSection
EndProject
Project("{2150E333-8FDC-42A3-9474-1A3956D46DE8}") = "build", "build", "{E93C2CF9-69A6-4669-BE8A-6060B18FEDCA}"
	ProjectSection(SolutionItems) = preProject
		build\ChangeVersion.proj = build\ChangeVersion.proj
		build\Signing.targets = build\Signing.targets
		build\Version.props = build\Version.props
	EndProjectSection
EndProject
Project("{9A19103F-16F7-4668-BE54-9A1E7A4F7556}") = "IssueViz", "src\IssueViz\IssueViz.csproj", "{94130D79-3F30-47B1-9C3F-0769E57D1F4D}"
EndProject
Project("{9A19103F-16F7-4668-BE54-9A1E7A4F7556}") = "IssueViz.UnitTests", "src\IssueViz.UnitTests\IssueViz.UnitTests.csproj", "{B25B73F0-13DF-4B90-918A-1F0A7A3753FE}"
EndProject
Project("{2150E333-8FDC-42A3-9474-1A3956D46DE8}") = "IssueViz", "IssueViz", "{0402238F-D697-4891-9AF5-3F3D1583D3AC}"
EndProject
Project("{2150E333-8FDC-42A3-9474-1A3956D46DE8}") = "Core", "Core", "{C6D06383-4872-4957-AEEC-E005CD406230}"
EndProject
Project("{2150E333-8FDC-42A3-9474-1A3956D46DE8}") = "SonarQube.Client", "SonarQube.Client", "{32F0945C-72D0-4116-95D5-F9EE2177D51B}"
EndProject
Project("{2150E333-8FDC-42A3-9474-1A3956D46DE8}") = "Progress", "Progress", "{4B576F04-27E9-4DFB-89B0-1FD0D9608949}"
EndProject
Project("{2150E333-8FDC-42A3-9474-1A3956D46DE8}") = "Integration.Vsix", "Integration.Vsix", "{41145B06-4EAD-4B9E-B1ED-C5B98AC55932}"
EndProject
Project("{2150E333-8FDC-42A3-9474-1A3956D46DE8}") = "Integration.TeamExplorer", "Integration.TeamExplorer", "{AC08E30A-2039-4E2F-A789-0D6FE056CC0D}"
EndProject
Project("{2150E333-8FDC-42A3-9474-1A3956D46DE8}") = "Integration", "Integration", "{2F01B58F-6F39-4B8F-B451-57D4F14D4EDF}"
EndProject
Project("{2150E333-8FDC-42A3-9474-1A3956D46DE8}") = "TestInfrastructure", "TestInfrastructure", "{4F0E4002-62BD-4FCA-8E3F-D20420B5F9B3}"
EndProject
Project("{2150E333-8FDC-42A3-9474-1A3956D46DE8}") = "IssueViz.Security", "IssueViz.Security", "{E74E8B02-2BFA-426F-AA66-873B5D0D6D61}"
EndProject
Project("{9A19103F-16F7-4668-BE54-9A1E7A4F7556}") = "IssueViz.Security", "src\IssueViz.Security\IssueViz.Security.csproj", "{8D0D5AF0-D5B7-41ED-9EC6-9E10C66B37E0}"
EndProject
Project("{9A19103F-16F7-4668-BE54-9A1E7A4F7556}") = "IssueViz.Security.UnitTests", "src\IssueViz.Security.UnitTests\IssueViz.Security.UnitTests.csproj", "{35AB5B51-BC2A-44A6-BE46-EF41CDF1398D}"
EndProject
Project("{2150E333-8FDC-42A3-9474-1A3956D46DE8}") = "Infrastructure.VS", "Infrastructure.VS", "{BE58232B-BE46-4D0D-9175-6BE0517F3EF0}"
EndProject
Project("{9A19103F-16F7-4668-BE54-9A1E7A4F7556}") = "Infrastructure.VS", "src\Infrastructure.VS\Infrastructure.VS.csproj", "{9CBAB074-AB53-4AC5-85E0-FD064D71B170}"
EndProject
Project("{9A19103F-16F7-4668-BE54-9A1E7A4F7556}") = "Infrastructure.VS.UnitTests", "src\Infrastructure.VS.UnitTests\Infrastructure.VS.UnitTests.csproj", "{407919AF-3AEA-483D-9183-1063EDECDBC3}"
EndProject
Project("{2150E333-8FDC-42A3-9474-1A3956D46DE8}") = "TypeScript", "TypeScript", "{CECE4041-0983-4F2F-B420-FD2BE338CCD3}"
EndProject
Project("{9A19103F-16F7-4668-BE54-9A1E7A4F7556}") = "TypeScript", "src\TypeScript\TypeScript.csproj", "{69C939D0-DFAF-42CB-98F8-134400B60779}"
EndProject
Project("{9A19103F-16F7-4668-BE54-9A1E7A4F7556}") = "TypeScript.UnitTests", "src\TypeScript.UnitTests\TypeScript.UnitTests.csproj", "{2E4E6D75-4946-4E25-8F37-32840827066B}"
EndProject
Project("{2150E333-8FDC-42A3-9474-1A3956D46DE8}") = "EmbeddedVsix", "EmbeddedVsix", "{D0993E3E-A109-4AAE-973E-678CB745127E}"
EndProject
Project("{9A19103F-16F7-4668-BE54-9A1E7A4F7556}") = "EmbeddedVsix", "src\EmbeddedVsix\EmbeddedVsix.csproj", "{4BBE7B39-E00A-40FE-88FC-A53C7E49731F}"
EndProject
Project("{9A19103F-16F7-4668-BE54-9A1E7A4F7556}") = "EmbeddedVsix.UnitTests", "src\EmbeddedVsix.UnitTests\EmbeddedVsix.UnitTests.csproj", "{BCE50F3E-7916-4D8A-902E-1B2CB202385F}"
EndProject
Project("{2150E333-8FDC-42A3-9474-1A3956D46DE8}") = "CFamily", "CFamily", "{11D4BFC7-C1F2-45AC-888E-25A6A216AD1D}"
EndProject
Project("{9A19103F-16F7-4668-BE54-9A1E7A4F7556}") = "CFamily", "src\CFamily\CFamily.csproj", "{58619C0F-0F3D-4E8C-B204-A19B332D45E5}"
EndProject
Project("{9A19103F-16F7-4668-BE54-9A1E7A4F7556}") = "CFamily.UnitTests", "src\CFamily.UnitTests\CFamily.UnitTests.csproj", "{30E1FF8F-94BA-4A39-A737-8FFD7B4A0CD3}"
EndProject
Project("{2150E333-8FDC-42A3-9474-1A3956D46DE8}") = "CloudSecrets", "CloudSecrets", "{1FDABBEB-D1DC-4319-B390-98CB68D2EFB6}"
EndProject
Project("{9A19103F-16F7-4668-BE54-9A1E7A4F7556}") = "CloudSecrets", "src\CloudSecrets\CloudSecrets.csproj", "{4BC2F68C-6C25-4763-A22E-21B211749E04}"
EndProject
Project("{9A19103F-16F7-4668-BE54-9A1E7A4F7556}") = "CloudSecrets.UnitTests", "src\CloudSecrets.UnitTests\CloudSecrets.UnitTests.csproj", "{EF311D7C-8A38-41BD-9883-05B079FDB45A}"
EndProject
Project("{2150E333-8FDC-42A3-9474-1A3956D46DE8}") = "Roslyn.Suppressions", "Roslyn.Suppressions", "{16BF2D77-AE3B-4218-A3E8-875829D73B00}"
EndProject
Project("{9A19103F-16F7-4668-BE54-9A1E7A4F7556}") = "Roslyn.Suppressions", "src\Roslyn.Suppressions\Roslyn.Suppressions\Roslyn.Suppressions.csproj", "{082D5D8E-F914-4139-9AE3-3F48B679E3DA}"
EndProject
Project("{9A19103F-16F7-4668-BE54-9A1E7A4F7556}") = "Roslyn.Suppressions.UnitTests", "src\Roslyn.Suppressions\Roslyn.Suppressions.UnitTests\Roslyn.Suppressions.UnitTests.csproj", "{C478DAE7-58BC-4D02-929E-E413B40F2517}"
EndProject
Project("{2150E333-8FDC-42A3-9474-1A3956D46DE8}") = "tools", "tools", "{628A579F-0D27-4F9F-A756-8CC0A67A7B3D}"
EndProject
Project("{9A19103F-16F7-4668-BE54-9A1E7A4F7556}") = "CFamilyJarPreProcessor", "build\tools\CFamilyJarPreProcessor\CFamilyJarPreProcessor.csproj", "{0E50D9A0-693D-4B4E-81E2-8B8028231CFA}"
EndProject
Global
	GlobalSection(SolutionConfigurationPlatforms) = preSolution
		Debug|Any CPU = Debug|Any CPU
		Release|Any CPU = Release|Any CPU
	EndGlobalSection
	GlobalSection(ProjectConfigurationPlatforms) = postSolution
		{FF2AD819-28F4-493A-8E9B-1D3F16BD4689}.Debug|Any CPU.ActiveCfg = Debug|Any CPU
		{FF2AD819-28F4-493A-8E9B-1D3F16BD4689}.Debug|Any CPU.Build.0 = Debug|Any CPU
		{FF2AD819-28F4-493A-8E9B-1D3F16BD4689}.Release|Any CPU.ActiveCfg = Release|Any CPU
		{FF2AD819-28F4-493A-8E9B-1D3F16BD4689}.Release|Any CPU.Build.0 = Release|Any CPU
		{03278C1A-EE78-4FA7-A5B0-1AB0A81EA76F}.Debug|Any CPU.ActiveCfg = Debug|Any CPU
		{03278C1A-EE78-4FA7-A5B0-1AB0A81EA76F}.Debug|Any CPU.Build.0 = Debug|Any CPU
		{03278C1A-EE78-4FA7-A5B0-1AB0A81EA76F}.Release|Any CPU.ActiveCfg = Release|Any CPU
		{03278C1A-EE78-4FA7-A5B0-1AB0A81EA76F}.Release|Any CPU.Build.0 = Release|Any CPU
		{CB59EF29-8193-4F32-866E-64FBB6199283}.Debug|Any CPU.ActiveCfg = Debug|Any CPU
		{CB59EF29-8193-4F32-866E-64FBB6199283}.Debug|Any CPU.Build.0 = Debug|Any CPU
		{CB59EF29-8193-4F32-866E-64FBB6199283}.Release|Any CPU.ActiveCfg = Release|Any CPU
		{CB59EF29-8193-4F32-866E-64FBB6199283}.Release|Any CPU.Build.0 = Release|Any CPU
		{FBD8024A-9795-4E5B-938E-AFE44FCA240C}.Debug|Any CPU.ActiveCfg = Debug|Any CPU
		{FBD8024A-9795-4E5B-938E-AFE44FCA240C}.Debug|Any CPU.Build.0 = Debug|Any CPU
		{FBD8024A-9795-4E5B-938E-AFE44FCA240C}.Release|Any CPU.ActiveCfg = Release|Any CPU
		{FBD8024A-9795-4E5B-938E-AFE44FCA240C}.Release|Any CPU.Build.0 = Release|Any CPU
		{203F7669-02B6-4314-BD11-20E8D7C19FBC}.Debug|Any CPU.ActiveCfg = Debug|Any CPU
		{203F7669-02B6-4314-BD11-20E8D7C19FBC}.Debug|Any CPU.Build.0 = Debug|Any CPU
		{203F7669-02B6-4314-BD11-20E8D7C19FBC}.Release|Any CPU.ActiveCfg = Release|Any CPU
		{203F7669-02B6-4314-BD11-20E8D7C19FBC}.Release|Any CPU.Build.0 = Release|Any CPU
		{140A6FE4-C8F7-4AF7-B4C8-EEEAE4E0B1A4}.Debug|Any CPU.ActiveCfg = Debug|Any CPU
		{140A6FE4-C8F7-4AF7-B4C8-EEEAE4E0B1A4}.Debug|Any CPU.Build.0 = Debug|Any CPU
		{140A6FE4-C8F7-4AF7-B4C8-EEEAE4E0B1A4}.Release|Any CPU.ActiveCfg = Release|Any CPU
		{140A6FE4-C8F7-4AF7-B4C8-EEEAE4E0B1A4}.Release|Any CPU.Build.0 = Release|Any CPU
		{B00C57EB-F4EC-43CE-A849-90DA04775B84}.Debug|Any CPU.ActiveCfg = Debug|Any CPU
		{B00C57EB-F4EC-43CE-A849-90DA04775B84}.Debug|Any CPU.Build.0 = Debug|Any CPU
		{B00C57EB-F4EC-43CE-A849-90DA04775B84}.Release|Any CPU.ActiveCfg = Release|Any CPU
		{B00C57EB-F4EC-43CE-A849-90DA04775B84}.Release|Any CPU.Build.0 = Release|Any CPU
		{AB7A8888-EF8B-4F6D-8005-398744A60BA2}.Debug|Any CPU.ActiveCfg = Debug|Any CPU
		{AB7A8888-EF8B-4F6D-8005-398744A60BA2}.Debug|Any CPU.Build.0 = Debug|Any CPU
		{AB7A8888-EF8B-4F6D-8005-398744A60BA2}.Release|Any CPU.ActiveCfg = Release|Any CPU
		{AB7A8888-EF8B-4F6D-8005-398744A60BA2}.Release|Any CPU.Build.0 = Release|Any CPU
		{33315FCB-3D07-4177-944E-AA45CC3C5539}.Debug|Any CPU.ActiveCfg = Debug|Any CPU
		{33315FCB-3D07-4177-944E-AA45CC3C5539}.Debug|Any CPU.Build.0 = Debug|Any CPU
		{33315FCB-3D07-4177-944E-AA45CC3C5539}.Release|Any CPU.ActiveCfg = Release|Any CPU
		{33315FCB-3D07-4177-944E-AA45CC3C5539}.Release|Any CPU.Build.0 = Release|Any CPU
		{9FCAEACD-EDEA-42D3-A8E4-16E42D1CF8F4}.Debug|Any CPU.ActiveCfg = Debug|Any CPU
		{9FCAEACD-EDEA-42D3-A8E4-16E42D1CF8F4}.Debug|Any CPU.Build.0 = Debug|Any CPU
		{9FCAEACD-EDEA-42D3-A8E4-16E42D1CF8F4}.Release|Any CPU.ActiveCfg = Release|Any CPU
		{9FCAEACD-EDEA-42D3-A8E4-16E42D1CF8F4}.Release|Any CPU.Build.0 = Release|Any CPU
		{115CC746-5181-485C-8707-346E8D55B1E5}.Debug|Any CPU.ActiveCfg = Debug|Any CPU
		{115CC746-5181-485C-8707-346E8D55B1E5}.Debug|Any CPU.Build.0 = Debug|Any CPU
		{115CC746-5181-485C-8707-346E8D55B1E5}.Release|Any CPU.ActiveCfg = Release|Any CPU
		{115CC746-5181-485C-8707-346E8D55B1E5}.Release|Any CPU.Build.0 = Release|Any CPU
		{53AC9A18-9801-422F-98E7-815999E4C569}.Debug|Any CPU.ActiveCfg = Debug|Any CPU
		{53AC9A18-9801-422F-98E7-815999E4C569}.Debug|Any CPU.Build.0 = Debug|Any CPU
		{53AC9A18-9801-422F-98E7-815999E4C569}.Release|Any CPU.ActiveCfg = Release|Any CPU
		{53AC9A18-9801-422F-98E7-815999E4C569}.Release|Any CPU.Build.0 = Release|Any CPU
		{2D75E7DA-4DD0-4422-BCAF-D0E5093C74DC}.Debug|Any CPU.ActiveCfg = Debug|Any CPU
		{2D75E7DA-4DD0-4422-BCAF-D0E5093C74DC}.Debug|Any CPU.Build.0 = Debug|Any CPU
		{2D75E7DA-4DD0-4422-BCAF-D0E5093C74DC}.Release|Any CPU.ActiveCfg = Release|Any CPU
		{2D75E7DA-4DD0-4422-BCAF-D0E5093C74DC}.Release|Any CPU.Build.0 = Release|Any CPU
		{4F379759-6798-4C98-9CDD-31853F8E46DF}.Debug|Any CPU.ActiveCfg = Debug|Any CPU
		{4F379759-6798-4C98-9CDD-31853F8E46DF}.Debug|Any CPU.Build.0 = Debug|Any CPU
		{4F379759-6798-4C98-9CDD-31853F8E46DF}.Release|Any CPU.ActiveCfg = Release|Any CPU
		{4F379759-6798-4C98-9CDD-31853F8E46DF}.Release|Any CPU.Build.0 = Release|Any CPU
		{11960170-E82F-4241-B1AA-552F168D11AD}.Debug|Any CPU.ActiveCfg = Debug|Any CPU
		{11960170-E82F-4241-B1AA-552F168D11AD}.Debug|Any CPU.Build.0 = Debug|Any CPU
		{11960170-E82F-4241-B1AA-552F168D11AD}.Release|Any CPU.ActiveCfg = Release|Any CPU
		{11960170-E82F-4241-B1AA-552F168D11AD}.Release|Any CPU.Build.0 = Release|Any CPU
		{94130D79-3F30-47B1-9C3F-0769E57D1F4D}.Debug|Any CPU.ActiveCfg = Debug|Any CPU
		{94130D79-3F30-47B1-9C3F-0769E57D1F4D}.Debug|Any CPU.Build.0 = Debug|Any CPU
		{94130D79-3F30-47B1-9C3F-0769E57D1F4D}.Release|Any CPU.ActiveCfg = Release|Any CPU
		{94130D79-3F30-47B1-9C3F-0769E57D1F4D}.Release|Any CPU.Build.0 = Release|Any CPU
		{B25B73F0-13DF-4B90-918A-1F0A7A3753FE}.Debug|Any CPU.ActiveCfg = Debug|Any CPU
		{B25B73F0-13DF-4B90-918A-1F0A7A3753FE}.Debug|Any CPU.Build.0 = Debug|Any CPU
		{B25B73F0-13DF-4B90-918A-1F0A7A3753FE}.Release|Any CPU.ActiveCfg = Release|Any CPU
		{B25B73F0-13DF-4B90-918A-1F0A7A3753FE}.Release|Any CPU.Build.0 = Release|Any CPU
		{8D0D5AF0-D5B7-41ED-9EC6-9E10C66B37E0}.Debug|Any CPU.ActiveCfg = Debug|Any CPU
		{8D0D5AF0-D5B7-41ED-9EC6-9E10C66B37E0}.Debug|Any CPU.Build.0 = Debug|Any CPU
		{8D0D5AF0-D5B7-41ED-9EC6-9E10C66B37E0}.Release|Any CPU.ActiveCfg = Release|Any CPU
		{8D0D5AF0-D5B7-41ED-9EC6-9E10C66B37E0}.Release|Any CPU.Build.0 = Release|Any CPU
		{35AB5B51-BC2A-44A6-BE46-EF41CDF1398D}.Debug|Any CPU.ActiveCfg = Debug|Any CPU
		{35AB5B51-BC2A-44A6-BE46-EF41CDF1398D}.Debug|Any CPU.Build.0 = Debug|Any CPU
		{35AB5B51-BC2A-44A6-BE46-EF41CDF1398D}.Release|Any CPU.ActiveCfg = Release|Any CPU
		{35AB5B51-BC2A-44A6-BE46-EF41CDF1398D}.Release|Any CPU.Build.0 = Release|Any CPU
		{9CBAB074-AB53-4AC5-85E0-FD064D71B170}.Debug|Any CPU.ActiveCfg = Debug|Any CPU
		{9CBAB074-AB53-4AC5-85E0-FD064D71B170}.Debug|Any CPU.Build.0 = Debug|Any CPU
		{9CBAB074-AB53-4AC5-85E0-FD064D71B170}.Release|Any CPU.ActiveCfg = Release|Any CPU
		{9CBAB074-AB53-4AC5-85E0-FD064D71B170}.Release|Any CPU.Build.0 = Release|Any CPU
		{407919AF-3AEA-483D-9183-1063EDECDBC3}.Debug|Any CPU.ActiveCfg = Debug|Any CPU
		{407919AF-3AEA-483D-9183-1063EDECDBC3}.Debug|Any CPU.Build.0 = Debug|Any CPU
		{407919AF-3AEA-483D-9183-1063EDECDBC3}.Release|Any CPU.ActiveCfg = Release|Any CPU
		{407919AF-3AEA-483D-9183-1063EDECDBC3}.Release|Any CPU.Build.0 = Release|Any CPU
		{69C939D0-DFAF-42CB-98F8-134400B60779}.Debug|Any CPU.ActiveCfg = Debug|Any CPU
		{69C939D0-DFAF-42CB-98F8-134400B60779}.Debug|Any CPU.Build.0 = Debug|Any CPU
		{69C939D0-DFAF-42CB-98F8-134400B60779}.Release|Any CPU.ActiveCfg = Release|Any CPU
		{69C939D0-DFAF-42CB-98F8-134400B60779}.Release|Any CPU.Build.0 = Release|Any CPU
		{2E4E6D75-4946-4E25-8F37-32840827066B}.Debug|Any CPU.ActiveCfg = Debug|Any CPU
		{2E4E6D75-4946-4E25-8F37-32840827066B}.Debug|Any CPU.Build.0 = Debug|Any CPU
		{2E4E6D75-4946-4E25-8F37-32840827066B}.Release|Any CPU.ActiveCfg = Release|Any CPU
		{2E4E6D75-4946-4E25-8F37-32840827066B}.Release|Any CPU.Build.0 = Release|Any CPU
		{4BBE7B39-E00A-40FE-88FC-A53C7E49731F}.Debug|Any CPU.ActiveCfg = Debug|Any CPU
		{4BBE7B39-E00A-40FE-88FC-A53C7E49731F}.Debug|Any CPU.Build.0 = Debug|Any CPU
		{4BBE7B39-E00A-40FE-88FC-A53C7E49731F}.Release|Any CPU.ActiveCfg = Release|Any CPU
		{4BBE7B39-E00A-40FE-88FC-A53C7E49731F}.Release|Any CPU.Build.0 = Release|Any CPU
		{BCE50F3E-7916-4D8A-902E-1B2CB202385F}.Debug|Any CPU.ActiveCfg = Debug|Any CPU
		{BCE50F3E-7916-4D8A-902E-1B2CB202385F}.Debug|Any CPU.Build.0 = Debug|Any CPU
		{BCE50F3E-7916-4D8A-902E-1B2CB202385F}.Release|Any CPU.ActiveCfg = Release|Any CPU
		{BCE50F3E-7916-4D8A-902E-1B2CB202385F}.Release|Any CPU.Build.0 = Release|Any CPU
		{58619C0F-0F3D-4E8C-B204-A19B332D45E5}.Debug|Any CPU.ActiveCfg = Debug|Any CPU
		{58619C0F-0F3D-4E8C-B204-A19B332D45E5}.Debug|Any CPU.Build.0 = Debug|Any CPU
		{58619C0F-0F3D-4E8C-B204-A19B332D45E5}.Release|Any CPU.ActiveCfg = Release|Any CPU
		{58619C0F-0F3D-4E8C-B204-A19B332D45E5}.Release|Any CPU.Build.0 = Release|Any CPU
		{30E1FF8F-94BA-4A39-A737-8FFD7B4A0CD3}.Debug|Any CPU.ActiveCfg = Debug|Any CPU
		{30E1FF8F-94BA-4A39-A737-8FFD7B4A0CD3}.Debug|Any CPU.Build.0 = Debug|Any CPU
		{30E1FF8F-94BA-4A39-A737-8FFD7B4A0CD3}.Release|Any CPU.ActiveCfg = Release|Any CPU
		{30E1FF8F-94BA-4A39-A737-8FFD7B4A0CD3}.Release|Any CPU.Build.0 = Release|Any CPU
		{4BC2F68C-6C25-4763-A22E-21B211749E04}.Debug|Any CPU.ActiveCfg = Debug|Any CPU
		{4BC2F68C-6C25-4763-A22E-21B211749E04}.Debug|Any CPU.Build.0 = Debug|Any CPU
		{4BC2F68C-6C25-4763-A22E-21B211749E04}.Release|Any CPU.ActiveCfg = Release|Any CPU
		{4BC2F68C-6C25-4763-A22E-21B211749E04}.Release|Any CPU.Build.0 = Release|Any CPU
		{EF311D7C-8A38-41BD-9883-05B079FDB45A}.Debug|Any CPU.ActiveCfg = Debug|Any CPU
		{EF311D7C-8A38-41BD-9883-05B079FDB45A}.Debug|Any CPU.Build.0 = Debug|Any CPU
		{EF311D7C-8A38-41BD-9883-05B079FDB45A}.Release|Any CPU.ActiveCfg = Release|Any CPU
		{EF311D7C-8A38-41BD-9883-05B079FDB45A}.Release|Any CPU.Build.0 = Release|Any CPU
		{082D5D8E-F914-4139-9AE3-3F48B679E3DA}.Debug|Any CPU.ActiveCfg = Debug|Any CPU
		{082D5D8E-F914-4139-9AE3-3F48B679E3DA}.Debug|Any CPU.Build.0 = Debug|Any CPU
		{082D5D8E-F914-4139-9AE3-3F48B679E3DA}.Release|Any CPU.ActiveCfg = Release|Any CPU
		{082D5D8E-F914-4139-9AE3-3F48B679E3DA}.Release|Any CPU.Build.0 = Release|Any CPU
		{C478DAE7-58BC-4D02-929E-E413B40F2517}.Debug|Any CPU.ActiveCfg = Debug|Any CPU
		{C478DAE7-58BC-4D02-929E-E413B40F2517}.Debug|Any CPU.Build.0 = Debug|Any CPU
		{C478DAE7-58BC-4D02-929E-E413B40F2517}.Release|Any CPU.ActiveCfg = Release|Any CPU
		{C478DAE7-58BC-4D02-929E-E413B40F2517}.Release|Any CPU.Build.0 = Release|Any CPU
		{0E50D9A0-693D-4B4E-81E2-8B8028231CFA}.Debug|Any CPU.ActiveCfg = Debug|Any CPU
		{0E50D9A0-693D-4B4E-81E2-8B8028231CFA}.Debug|Any CPU.Build.0 = Debug|Any CPU
		{0E50D9A0-693D-4B4E-81E2-8B8028231CFA}.Release|Any CPU.ActiveCfg = Release|Any CPU
		{0E50D9A0-693D-4B4E-81E2-8B8028231CFA}.Release|Any CPU.Build.0 = Release|Any CPU
	EndGlobalSection
	GlobalSection(SolutionProperties) = preSolution
		HideSolutionNode = FALSE
	EndGlobalSection
	GlobalSection(NestedProjects) = preSolution
		{FF2AD819-28F4-493A-8E9B-1D3F16BD4689} = {41145B06-4EAD-4B9E-B1ED-C5B98AC55932}
		{03278C1A-EE78-4FA7-A5B0-1AB0A81EA76F} = {2F01B58F-6F39-4B8F-B451-57D4F14D4EDF}
		{CB59EF29-8193-4F32-866E-64FBB6199283} = {2F01B58F-6F39-4B8F-B451-57D4F14D4EDF}
		{FBD8024A-9795-4E5B-938E-AFE44FCA240C} = {4F0E4002-62BD-4FCA-8E3F-D20420B5F9B3}
		{203F7669-02B6-4314-BD11-20E8D7C19FBC} = {41145B06-4EAD-4B9E-B1ED-C5B98AC55932}
		{140A6FE4-C8F7-4AF7-B4C8-EEEAE4E0B1A4} = {4B576F04-27E9-4DFB-89B0-1FD0D9608949}
		{B00C57EB-F4EC-43CE-A849-90DA04775B84} = {4B576F04-27E9-4DFB-89B0-1FD0D9608949}
		{AB7A8888-EF8B-4F6D-8005-398744A60BA2} = {4B576F04-27E9-4DFB-89B0-1FD0D9608949}
		{33315FCB-3D07-4177-944E-AA45CC3C5539} = {4B576F04-27E9-4DFB-89B0-1FD0D9608949}
		{9FCAEACD-EDEA-42D3-A8E4-16E42D1CF8F4} = {AC08E30A-2039-4E2F-A789-0D6FE056CC0D}
		{115CC746-5181-485C-8707-346E8D55B1E5} = {AC08E30A-2039-4E2F-A789-0D6FE056CC0D}
		{53AC9A18-9801-422F-98E7-815999E4C569} = {32F0945C-72D0-4116-95D5-F9EE2177D51B}
		{2D75E7DA-4DD0-4422-BCAF-D0E5093C74DC} = {32F0945C-72D0-4116-95D5-F9EE2177D51B}
		{4F379759-6798-4C98-9CDD-31853F8E46DF} = {C6D06383-4872-4957-AEEC-E005CD406230}
		{11960170-E82F-4241-B1AA-552F168D11AD} = {C6D06383-4872-4957-AEEC-E005CD406230}
		{90141AF9-756E-4E14-ABFC-A553C43037CB} = {A4C88C9A-7C47-47FE-8AB6-8D7588D05EF1}
		{E93C2CF9-69A6-4669-BE8A-6060B18FEDCA} = {A4C88C9A-7C47-47FE-8AB6-8D7588D05EF1}
		{94130D79-3F30-47B1-9C3F-0769E57D1F4D} = {0402238F-D697-4891-9AF5-3F3D1583D3AC}
		{B25B73F0-13DF-4B90-918A-1F0A7A3753FE} = {0402238F-D697-4891-9AF5-3F3D1583D3AC}
		{8D0D5AF0-D5B7-41ED-9EC6-9E10C66B37E0} = {E74E8B02-2BFA-426F-AA66-873B5D0D6D61}
		{35AB5B51-BC2A-44A6-BE46-EF41CDF1398D} = {E74E8B02-2BFA-426F-AA66-873B5D0D6D61}
		{9CBAB074-AB53-4AC5-85E0-FD064D71B170} = {BE58232B-BE46-4D0D-9175-6BE0517F3EF0}
		{407919AF-3AEA-483D-9183-1063EDECDBC3} = {BE58232B-BE46-4D0D-9175-6BE0517F3EF0}
		{69C939D0-DFAF-42CB-98F8-134400B60779} = {CECE4041-0983-4F2F-B420-FD2BE338CCD3}
		{2E4E6D75-4946-4E25-8F37-32840827066B} = {CECE4041-0983-4F2F-B420-FD2BE338CCD3}
		{4BBE7B39-E00A-40FE-88FC-A53C7E49731F} = {D0993E3E-A109-4AAE-973E-678CB745127E}
		{BCE50F3E-7916-4D8A-902E-1B2CB202385F} = {D0993E3E-A109-4AAE-973E-678CB745127E}
		{58619C0F-0F3D-4E8C-B204-A19B332D45E5} = {11D4BFC7-C1F2-45AC-888E-25A6A216AD1D}
		{30E1FF8F-94BA-4A39-A737-8FFD7B4A0CD3} = {11D4BFC7-C1F2-45AC-888E-25A6A216AD1D}
		{4BC2F68C-6C25-4763-A22E-21B211749E04} = {1FDABBEB-D1DC-4319-B390-98CB68D2EFB6}
		{EF311D7C-8A38-41BD-9883-05B079FDB45A} = {1FDABBEB-D1DC-4319-B390-98CB68D2EFB6}
		{082D5D8E-F914-4139-9AE3-3F48B679E3DA} = {16BF2D77-AE3B-4218-A3E8-875829D73B00}
		{C478DAE7-58BC-4D02-929E-E413B40F2517} = {16BF2D77-AE3B-4218-A3E8-875829D73B00}
		{628A579F-0D27-4F9F-A756-8CC0A67A7B3D} = {E93C2CF9-69A6-4669-BE8A-6060B18FEDCA}
		{0E50D9A0-693D-4B4E-81E2-8B8028231CFA} = {628A579F-0D27-4F9F-A756-8CC0A67A7B3D}
	EndGlobalSection
	GlobalSection(ExtensibilityGlobals) = postSolution
		SolutionGuid = {DABC27C8-E761-4826-AD2D-056F677EF3C0}
	EndGlobalSection
EndGlobal
