
Microsoft Visual Studio Solution File, Format Version 12.00
# Visual Studio 15
VisualStudioVersion = 15.0.28307.329
MinimumVisualStudioVersion = 10.0.40219.1
Project("{FAE04EC0-301F-11D3-BF4B-00C04F79EFBC}") = "SonarQube.Client.2015", "SonarQube.Client\SonarQube.Client.2015.csproj", "{BA771DF7-9F99-4DE3-B85B-3E5DB742A55C}"
EndProject
Global
	GlobalSection(SolutionConfigurationPlatforms) = preSolution
		Debug|Any CPU = Debug|Any CPU
		Release|Any CPU = Release|Any CPU
	EndGlobalSection
	GlobalSection(ProjectConfigurationPlatforms) = postSolution
		{BA771DF7-9F99-4DE3-B85B-3E5DB742A55C}.Debug|Any CPU.ActiveCfg = Debug|Any CPU
		{BA771DF7-9F99-4DE3-B85B-3E5DB742A55C}.Debug|Any CPU.Build.0 = Debug|Any CPU
		{BA771DF7-9F99-4DE3-B85B-3E5DB742A55C}.Release|Any CPU.ActiveCfg = Release|Any CPU
		{BA771DF7-9F99-4DE3-B85B-3E5DB742A55C}.Release|Any CPU.Build.0 = Release|Any CPU
	EndGlobalSection
	GlobalSection(SolutionProperties) = preSolution
		HideSolutionNode = FALSE
	EndGlobalSection
	GlobalSection(ExtensibilityGlobals) = postSolution
		SolutionGuid = {F2654270-097B-4B41-A027-5AA3D263CC23}
	EndGlobalSection
EndGlobal
