{
  "version": 1,
  "dependencies": {
    ".NETFramework,Version=v4.7.2": {
      "Microsoft.VSSDK.BuildTools": {
        "type": "Direct",
        "requested": "[17.0.5321-preview5-gf917fac8, )",
        "resolved": "17.0.5321-preview5-gf917fac8",
        "contentHash": "6jWH8KCAOn8oiSXLgCfVSZEAUo4qbJ9fqhM6lOTdmSJqcsV8qg7OcBe9/GvRmCuv9sejTxP7wMSjIC2fupb7fw==",
        "dependencies": {
          "Microsoft.VisualStudio.SDK.Analyzers": "15.8.33"
        }
      },
      "Microsoft.VisualStudio.SDK.Analyzers": {
        "type": "Transitive",
        "resolved": "15.8.33",
        "contentHash": "5rP5FqdiHID6AtB7m8LNQKXnjTFCErAtazW8gqY4z27kTp+K6S6ZMzBME7hryOCSo2laogjjL1GWp2bUaJZqRw==",
        "dependencies": {
          "Microsoft.VisualStudio.Threading.Analyzers": "15.8.122"
        }
      },
      "Microsoft.VisualStudio.Threading.Analyzers": {
        "type": "Transitive",
        "resolved": "15.8.122",
        "contentHash": "1gu3LopB8nLiomlMGx6Y8Glb+rwABHpksdpNH1X9/GGp6uJvnHAUZWsFUQz8sAuu1CKcQagJcSOUt4bb4pOFKg=="
      }
    }
  }
}