{
  "version": 1,
  "dependencies": {
    ".NETFramework,Version=v4.6": {
      "Microsoft.VSSDK.BuildTools": {
        "type": "Direct",
        "requested": "[16.8.3038, )",
        "resolved": "16.8.3038",
        "contentHash": "o50FG7fmzq7PCCoPWvBvqbDsr+fG6wfeKxJ12Ec0vsa34l7wOasP7+ENnlxbXCrGpl/QNOv6hL0QAUngNRS2IA==",
        "dependencies": {
          "Microsoft.VisualStudio.SDK.Analyzers": "15.8.33"
        }
      },
      "Newtonsoft.Json": {
        "type": "Direct",
        "requested": "[8.0.3, )",
        "resolved": "8.0.3",
        "contentHash": "KGsYQdS2zLH+H8x2cZaSI7e+YZ4SFIbyy1YJQYl6GYBWjf5o4H1A68nxyq+WTyVSOJQ4GqS/DiPE+UseUizgMg=="
      },
      "Microsoft.VisualStudio.SDK.Analyzers": {
        "type": "Transitive",
        "resolved": "15.8.33",
        "contentHash": "5rP5FqdiHID6AtB7m8LNQKXnjTFCErAtazW8gqY4z27kTp+K6S6ZMzBME7hryOCSo2laogjjL1GWp2bUaJZqRw==",
        "dependencies": {
          "Microsoft.VisualStudio.Threading.Analyzers": "15.8.122"
        }
      },
      "Microsoft.VisualStudio.Threading.Analyzers": {
        "type": "Transitive",
        "resolved": "15.8.122",
        "contentHash": "1gu3LopB8nLiomlMGx6Y8Glb+rwABHpksdpNH1X9/GGp6uJvnHAUZWsFUQz8sAuu1CKcQagJcSOUt4bb4pOFKg=="
      }
    },
    ".NETFramework,Version=v4.6/win": {},
    ".NETFramework,Version=v4.6/win-x64": {},
    ".NETFramework,Version=v4.6/win-x86": {}
  }
}