{
  "version": 1,
  "dependencies": {
    ".NETFramework,Version=v4.6": {
      "Microsoft.VisualStudio.Shell.Immutable.10.0": {
        "type": "Direct",
        "requested": "[10.0.30319, )",
        "resolved": "10.0.30319",
        "contentHash": "8qGEpQoR0Iu8+MASdwprS0zaqu9YS3w2e42DW7IIQ3MRDdJtLLOI3KTjj63ONxvOM4vCTAs+UDReo7Jy/6tHtQ=="
      },
      "Microsoft.VisualStudio.Shell.Interop": {
        "type": "Direct",
        "requested": "[7.10.6071, )",
        "resolved": "7.10.6071",
        "contentHash": "4mE6I0FhI9I12Ezs04D9W/o9tTSFY3Q/bhvfXrUR4cf5OV8CEKfmZokH6UydOaOnqDjr+pOa3j+v+Rudm24osg==",
        "dependencies": {
          "Microsoft.VisualStudio.OLE.Interop": "7.10.6070",
          "Microsoft.VisualStudio.TextManager.Interop": "7.10.6070"
        }
      },
      "Microsoft.VisualStudio.Shell.Interop.8.0": {
        "type": "Direct",
        "requested": "[8.0.50727, )",
        "resolved": "8.0.50727",
        "contentHash": "8OzpFWEdSGrtx4GLBxJtiyqOBG8wQxh3lI6wN5AgFH6TtT7pND7EILjrbOgNfMsVbk3qI8DX4uvoHPdcg+cdMg==",
        "dependencies": {
          "Microsoft.VisualStudio.OLE.Interop": "7.10.6070",
          "Microsoft.VisualStudio.Shell.Interop": "7.10.6071",
          "Microsoft.VisualStudio.TextManager.Interop": "7.10.6070",
          "Microsoft.VisualStudio.TextManager.Interop.8.0": "8.0.50727"
        }
      },
      "BouncyCastle": {
        "type": "Transitive",
        "resolved": "1.8.6.1",
        "contentHash": "rkqpuKmJkdcfTMBkIj1b5nMdBAWKwAyh+I/BQYeqqSD2jkIlhwc9qBNKmSbnpmmm5c29qHZGLpvBSTNWvDLtQA=="
      },
      "Google.Protobuf": {
        "type": "Transitive",
        "resolved": "3.6.1",
        "contentHash": "741fGeDQjixBJaU2j+0CbrmZXsNJkTn/hWbOh4fLVXndHsCclJmWznCPWrJmPoZKvajBvAz3e8ECJOUvRtwjNQ=="
      },
      "Grpc.Tools": {
        "type": "Transitive",
        "resolved": "1.4.1",
        "contentHash": "D5AcNr0yPFz5dqftJYKnMtwg6AEMUics+UysxTXKVuZtresqWUcHIrnscM+KsAIreG7wvdumWzjdIXRIMekCLg=="
      },
      "Microsoft.VisualStudio.OLE.Interop": {
        "type": "Transitive",
        "resolved": "7.10.6070",
        "contentHash": "p7xNzxIoZWDqSGlCi84u1CsNSL9YL7HWBdurfBUW8TZOsfW/0DS8/2MQcicQZav2Csq1f7Pep+VRdZJZkmQKJA=="
      },
      "Microsoft.VisualStudio.TextManager.Interop": {
        "type": "Transitive",
        "resolved": "7.10.6070",
        "contentHash": "T2i4GSGg5F+yb5oFShihsCHx7X19PHmHSrdGdfxtKlIYZCzlQIxr0Z9gwbOeL8TdyMSLaaG/LV1A1BUun5L7EA==",
        "dependencies": {
          "Microsoft.VisualStudio.OLE.Interop": "7.10.6070"
        }
      },
      "Microsoft.VisualStudio.TextManager.Interop.8.0": {
        "type": "Transitive",
        "resolved": "8.0.50727",
        "contentHash": "SEuUVH8jYiZjeXnCQEkJWDdxSitTChjnwJGk6BVMKCjdsva+rDflNLf4icrsczbiuWZIgDr7esZ4wf4zWceE+g==",
        "dependencies": {
          "Microsoft.VisualStudio.OLE.Interop": "7.10.6070",
          "Microsoft.VisualStudio.Shell.Interop": "7.10.6071",
          "Microsoft.VisualStudio.TextManager.Interop": "7.10.6070"
        }
      },
      "Newtonsoft.Json": {
        "type": "Transitive",
        "resolved": "6.0.8",
        "contentHash": "7ut47NDedTW19EbL0JpFDYUP62fcuz27hJrehCDNajdCS5NtqL+E39+7Um3OkNc2wl2ym7K8Ln5eNuLus6mVGQ=="
      },
      "System.IO.Abstractions": {
        "type": "Transitive",
        "resolved": "7.1.10",
        "contentHash": "qseReDWlVNclqdze6nLnEqQxAyMS2mO5oCG4SIMgJHqTEPLNhGe9a+KReKHl6DFTarzueP4leQOhCXLxoKQL0g=="
      },
      "System.Net.Http": {
        "type": "Transitive",
        "resolved": "4.0.0",
        "contentHash": "mZuAl7jw/mFY8jUq4ITKECxVBh9a8SJt9BC/+lJbmo7cRKspxE3PsITz+KiaCEsexN5WYPzwBOx0oJH/0HlPyQ=="
      },
      "SonarLint.VisualStudio.Core": {
        "type": "Project",
        "dependencies": {
          "Newtonsoft.Json": "6.0.8",
          "SonarQube.Client": "1.0.0",
          "System.IO.Abstractions": "7.1.10"
        }
      },
      "sonarqube.client": {
        "type": "Project",
        "dependencies": {
          "BouncyCastle": "1.8.6.1",
          "Google.Protobuf": "3.6.1",
          "Grpc.Tools": "1.4.1",
          "Newtonsoft.Json": "6.0.8",
          "System.Net.Http": "4.0.0"
        }
      }
    }
  }
}