{
  "version": 1,
  "dependencies": {
    ".NETFramework,Version=v4.6": {
      "Microsoft.VisualStudio.Shell.14.0": {
        "type": "Direct",
        "requested": "[14.3.25407, )",
        "resolved": "14.3.25407",
        "contentHash": "6HvDFvgu4tg3AmGxfcrly1Ni9eu49RM+OvniL5SJNTqNCbnHpIHiziglK6q5QI1DxhRPDUnJwC3CJcLKdaVZ9w==",
        "dependencies": {
          "Microsoft.VisualStudio.Imaging": "14.3.25407",
          "Microsoft.VisualStudio.OLE.Interop": "7.10.6070",
          "Microsoft.VisualStudio.Shell.Immutable.10.0": "10.0.30319",
          "Microsoft.VisualStudio.Shell.Immutable.11.0": "11.0.50727",
          "Microsoft.VisualStudio.Shell.Immutable.12.0": "12.0.21003",
          "Microsoft.VisualStudio.Shell.Immutable.14.0": "14.3.25407",
          "Microsoft.VisualStudio.Shell.Interop": "7.10.6071",
          "Microsoft.VisualStudio.Shell.Interop.8.0": "8.0.50727",
          "Microsoft.VisualStudio.Shell.Interop.9.0": "9.0.30729",
          "Microsoft.VisualStudio.TextManager.Interop": "7.10.6070",
          "Microsoft.VisualStudio.Threading": "14.1.111",
          "Microsoft.VisualStudio.Utilities": "14.3.25407"
        }
      },
      "Microsoft.VisualStudio.Shell.Immutable.10.0": {
        "type": "Direct",
        "requested": "[10.0.30319, )",
        "resolved": "10.0.30319",
        "contentHash": "8qGEpQoR0Iu8+MASdwprS0zaqu9YS3w2e42DW7IIQ3MRDdJtLLOI3KTjj63ONxvOM4vCTAs+UDReo7Jy/6tHtQ=="
      },
      "Microsoft.VisualStudio.Shell.Interop": {
        "type": "Direct",
        "requested": "[7.10.6071, )",
        "resolved": "7.10.6071",
        "contentHash": "4mE6I0FhI9I12Ezs04D9W/o9tTSFY3Q/bhvfXrUR4cf5OV8CEKfmZokH6UydOaOnqDjr+pOa3j+v+Rudm24osg==",
        "dependencies": {
          "Microsoft.VisualStudio.OLE.Interop": "7.10.6070",
          "Microsoft.VisualStudio.TextManager.Interop": "7.10.6070"
        }
      },
      "Microsoft.VisualStudio.Shell.Interop.8.0": {
        "type": "Direct",
        "requested": "[8.0.50727, )",
        "resolved": "8.0.50727",
        "contentHash": "8OzpFWEdSGrtx4GLBxJtiyqOBG8wQxh3lI6wN5AgFH6TtT7pND7EILjrbOgNfMsVbk3qI8DX4uvoHPdcg+cdMg==",
        "dependencies": {
          "Microsoft.VisualStudio.OLE.Interop": "7.10.6070",
          "Microsoft.VisualStudio.Shell.Interop": "7.10.6071",
          "Microsoft.VisualStudio.TextManager.Interop": "7.10.6070",
          "Microsoft.VisualStudio.TextManager.Interop.8.0": "8.0.50727"
        }
      },
      "BouncyCastle": {
        "type": "Transitive",
        "resolved": "1.8.6.1",
        "contentHash": "rkqpuKmJkdcfTMBkIj1b5nMdBAWKwAyh+I/BQYeqqSD2jkIlhwc9qBNKmSbnpmmm5c29qHZGLpvBSTNWvDLtQA=="
      },
      "Google.Protobuf": {
        "type": "Transitive",
        "resolved": "3.6.1",
        "contentHash": "741fGeDQjixBJaU2j+0CbrmZXsNJkTn/hWbOh4fLVXndHsCclJmWznCPWrJmPoZKvajBvAz3e8ECJOUvRtwjNQ=="
      },
      "Grpc.Tools": {
        "type": "Transitive",
        "resolved": "1.4.1",
        "contentHash": "D5AcNr0yPFz5dqftJYKnMtwg6AEMUics+UysxTXKVuZtresqWUcHIrnscM+KsAIreG7wvdumWzjdIXRIMekCLg=="
      },
      "Microsoft.VisualStudio.Imaging": {
        "type": "Transitive",
        "resolved": "14.3.25407",
        "contentHash": "AuAG4/0L+cQXPVqfhe3nL7oqsFNsRkyGDap9XcOl2dnVdpUTxJ6OUly3c+7Bj2nKZ/dfuI17OMGPfvF+S1Eqyw==",
        "dependencies": {
          "Microsoft.VisualStudio.Utilities": "14.3.25407"
        }
      },
      "Microsoft.VisualStudio.OLE.Interop": {
        "type": "Transitive",
        "resolved": "7.10.6070",
        "contentHash": "p7xNzxIoZWDqSGlCi84u1CsNSL9YL7HWBdurfBUW8TZOsfW/0DS8/2MQcicQZav2Csq1f7Pep+VRdZJZkmQKJA=="
      },
      "Microsoft.VisualStudio.Shell.Immutable.11.0": {
        "type": "Transitive",
        "resolved": "11.0.50727",
        "contentHash": "WNKEdjQZ5AWFrYITqvpbrRhe6uCMhU5eU1zZLbSfyYIJ4JimpUFU8HFGJXepfek2KqA/3vM8DIHMtx0+tEWeCA==",
        "dependencies": {
          "Microsoft.VisualStudio.OLE.Interop": "7.10.6070",
          "Microsoft.VisualStudio.Shell.Interop": "7.10.6071"
        }
      },
      "Microsoft.VisualStudio.Shell.Immutable.12.0": {
        "type": "Transitive",
        "resolved": "12.0.21003",
        "contentHash": "R3N/n9v8wkG/Um3lh0GMwG0anSszaIYDMUTrrje+wYNkezGCvCt4EJsQ7qs5hvAsszE1GhVcpMYNtQ9Bfk3Rdw=="
      },
      "Microsoft.VisualStudio.Shell.Immutable.14.0": {
        "type": "Transitive",
        "resolved": "14.3.25407",
        "contentHash": "f5gunJZKdc4w6riAl6LUrW+PYJV/nIQGSRjJ5boul0d+LGJ41fdfc8L+N+RLDrbn0+aXA8wEML3o+TKuo4tIyQ==",
        "dependencies": {
          "Microsoft.VisualStudio.Shell.Immutable.11.0": "11.0.50727"
        }
      },
      "Microsoft.VisualStudio.Shell.Interop.9.0": {
        "type": "Transitive",
        "resolved": "9.0.30729",
        "contentHash": "Qolo2V47CYOwS44mlfCpC7ie+juK44MLBNtBxDSeImolTjvLdY8INv8PtQM1WX51XRcgQBV+g3QiSdScJTtOSQ==",
        "dependencies": {
          "Microsoft.VisualStudio.OLE.Interop": "7.10.6070",
          "Microsoft.VisualStudio.Shell.Interop": "7.10.6071",
          "Microsoft.VisualStudio.Shell.Interop.8.0": "8.0.50727",
          "Microsoft.VisualStudio.TextManager.Interop": "7.10.6070"
        }
      },
      "Microsoft.VisualStudio.TextManager.Interop": {
        "type": "Transitive",
        "resolved": "7.10.6070",
        "contentHash": "T2i4GSGg5F+yb5oFShihsCHx7X19PHmHSrdGdfxtKlIYZCzlQIxr0Z9gwbOeL8TdyMSLaaG/LV1A1BUun5L7EA==",
        "dependencies": {
          "Microsoft.VisualStudio.OLE.Interop": "7.10.6070"
        }
      },
      "Microsoft.VisualStudio.TextManager.Interop.8.0": {
        "type": "Transitive",
        "resolved": "8.0.50727",
        "contentHash": "SEuUVH8jYiZjeXnCQEkJWDdxSitTChjnwJGk6BVMKCjdsva+rDflNLf4icrsczbiuWZIgDr7esZ4wf4zWceE+g==",
        "dependencies": {
          "Microsoft.VisualStudio.OLE.Interop": "7.10.6070",
          "Microsoft.VisualStudio.Shell.Interop": "7.10.6071",
          "Microsoft.VisualStudio.TextManager.Interop": "7.10.6070"
        }
      },
      "Microsoft.VisualStudio.Threading": {
        "type": "Transitive",
        "resolved": "14.1.111",
        "contentHash": "0C/9dj9mdeD3IlQuA1CuwYhzb2tdmgD7yyM4o2oPG4DRnzOTNqd0M40ThfAOmqommS+mIiljcbkYbKJJ87GqAw==",
        "dependencies": {
          "Microsoft.VisualStudio.Validation": "14.1.111"
        }
      },
      "Microsoft.VisualStudio.Utilities": {
        "type": "Transitive",
        "resolved": "14.3.25407",
        "contentHash": "Lt1/W2ACPnMg3f48nGf2l4LUpmOusU6fxhxs0Ub7TqmLQN8V6RTmsOoyeZSfnJQzWAXS6vbBMSr062j0wc8h4A=="
      },
      "Microsoft.VisualStudio.Validation": {
        "type": "Transitive",
        "resolved": "14.1.111",
        "contentHash": "IUt6f56o4p+k2s0SX6Dlo02qj5r8zoWxMpxxNa1hZM+j+xQ6L3mTb/ZVbtbqpaVotA/j25dPa2VybLO/8MEw1Q=="
      },
      "Newtonsoft.Json": {
        "type": "Transitive",
        "resolved": "6.0.8",
        "contentHash": "7ut47NDedTW19EbL0JpFDYUP62fcuz27hJrehCDNajdCS5NtqL+E39+7Um3OkNc2wl2ym7K8Ln5eNuLus6mVGQ=="
      },
      "System.IO.Abstractions": {
        "type": "Transitive",
        "resolved": "7.1.10",
        "contentHash": "qseReDWlVNclqdze6nLnEqQxAyMS2mO5oCG4SIMgJHqTEPLNhGe9a+KReKHl6DFTarzueP4leQOhCXLxoKQL0g=="
      },
      "System.Net.Http": {
        "type": "Transitive",
        "resolved": "4.0.0",
        "contentHash": "mZuAl7jw/mFY8jUq4ITKECxVBh9a8SJt9BC/+lJbmo7cRKspxE3PsITz+KiaCEsexN5WYPzwBOx0oJH/0HlPyQ=="
      },
      "SonarLint.VisualStudio.Core": {
        "type": "Project",
        "dependencies": {
          "Newtonsoft.Json": "6.0.8",
          "SonarQube.Client": "1.0.0",
          "System.IO.Abstractions": "7.1.10"
        }
      },
      "sonarqube.client": {
        "type": "Project",
        "dependencies": {
          "BouncyCastle": "1.8.6.1",
          "Google.Protobuf": "3.6.1",
          "Grpc.Tools": "1.4.1",
          "Newtonsoft.Json": "6.0.8",
          "System.Net.Http": "4.0.0"
        }
      }
    }
  }
}