{
  "version": 1,
  "dependencies": {
    ".NETFramework,Version=v4.6": {
      "Microsoft.VisualStudio.CoreUtility": {
        "type": "Direct",
        "requested": "[14.0.23205, )",
        "resolved": "14.0.23205",
        "contentHash": "9xV78lxgEyb6sFtoxt8qhIpPajp1HMoqdv0I15akLCdXAJ8Lzv64t8RvyE4vlEIRpeAu19+ag4pg9hFHPtE/og=="
      },
      "Microsoft.VisualStudio.Text.Data": {
        "type": "Direct",
        "requested": "[14.0.23205, )",
        "resolved": "14.0.23205",
        "contentHash": "yRSJIlKwj4K4/oTj3WQBgKYQK6QzrTdlU/50/7IPpq+dTkZhXBDp3BRURHMW8pWqKmEq9s/lQc7mSL4+mrVTQw==",
        "dependencies": {
          "Microsoft.VisualStudio.CoreUtility": "14.0.23205"
        }
      },
      "SonarLint.Secrets.DotNet": {
        "type": "Direct",
        "requested": "[0.0.6, )",
        "resolved": "0.0.6",
        "contentHash": "IcptAGwYCkOa2wi6lI/nDx3x148ztUzc4mRLjo7ysrOd4pntaLQBdVurUxhA/vmOoZEjhd63o7bmzLbf4gYcng=="
      },
      "BouncyCastle": {
        "type": "Transitive",
        "resolved": "1.8.6.1",
        "contentHash": "rkqpuKmJkdcfTMBkIj1b5nMdBAWKwAyh+I/BQYeqqSD2jkIlhwc9qBNKmSbnpmmm5c29qHZGLpvBSTNWvDLtQA=="
      },
      "Google.Protobuf": {
        "type": "Transitive",
        "resolved": "3.6.1",
        "contentHash": "741fGeDQjixBJaU2j+0CbrmZXsNJkTn/hWbOh4fLVXndHsCclJmWznCPWrJmPoZKvajBvAz3e8ECJOUvRtwjNQ=="
      },
      "Grpc.Tools": {
        "type": "Transitive",
        "resolved": "1.4.1",
        "contentHash": "D5AcNr0yPFz5dqftJYKnMtwg6AEMUics+UysxTXKVuZtresqWUcHIrnscM+KsAIreG7wvdumWzjdIXRIMekCLg=="
      },
      "Newtonsoft.Json": {
        "type": "Transitive",
        "resolved": "6.0.8",
        "contentHash": "7ut47NDedTW19EbL0JpFDYUP62fcuz27hJrehCDNajdCS5NtqL+E39+7Um3OkNc2wl2ym7K8Ln5eNuLus6mVGQ=="
      },
      "System.IO.Abstractions": {
        "type": "Transitive",
        "resolved": "7.1.10",
        "contentHash": "qseReDWlVNclqdze6nLnEqQxAyMS2mO5oCG4SIMgJHqTEPLNhGe9a+KReKHl6DFTarzueP4leQOhCXLxoKQL0g=="
      },
      "System.Net.Http": {
        "type": "Transitive",
        "resolved": "4.0.0",
        "contentHash": "mZuAl7jw/mFY8jUq4ITKECxVBh9a8SJt9BC/+lJbmo7cRKspxE3PsITz+KiaCEsexN5WYPzwBOx0oJH/0HlPyQ=="
      },
      "SonarLint.VisualStudio.Core": {
        "type": "Project",
        "dependencies": {
          "Newtonsoft.Json": "6.0.8",
          "SonarQube.Client": "1.0.0",
          "System.IO.Abstractions": "7.1.10"
        }
      },
      "sonarqube.client": {
        "type": "Project",
        "dependencies": {
          "BouncyCastle": "1.8.6.1",
          "Google.Protobuf": "3.6.1",
          "Grpc.Tools": "1.4.1",
          "Newtonsoft.Json": "6.0.8",
          "System.Net.Http": "4.0.0"
        }
      }
    }
  }
}