{
  "version": 1,
  "dependencies": {
    ".NETFramework,Version=v4.8": {
      "FluentAssertions": {
        "type": "Direct",
        "requested": "[5.9.0, )",
        "resolved": "5.9.0",
        "contentHash": "JZxb5DuspmuH4A5p9bfj060evQnwIUkxxfFMG9F/pa7gl1Ry2r2nuQbu5G4UWGQQTtpTxPpVowqNDdBkA0G2Mw=="
      },
      "FluentAssertions.Analyzers": {
        "type": "Direct",
        "requested": "[0.11.4, )",
        "resolved": "0.11.4",
        "contentHash": "zSCkwOgc5OyfMfEeMr9x0K7WCDf8i6VdF2RtCLN/4m6iebTtJQdeoJ9IS4/RyYHuLUYjrm0sd+siWbaSvSzRYQ=="
      },
      "Google.Protobuf": {
        "type": "Direct",
        "requested": "[3.6.1, )",
        "resolved": "3.6.1",
        "contentHash": "741fGeDQjixBJaU2j+0CbrmZXsNJkTn/hWbOh4fLVXndHsCclJmWznCPWrJmPoZKvajBvAz3e8ECJOUvRtwjNQ=="
      },
      "Microsoft.NET.Test.Sdk": {
        "type": "Direct",
        "requested": "[16.6.1, )",
        "resolved": "16.6.1",
        "contentHash": "zYAjfWzpxKb64P9ntReT1Xr8HdONZnpLVs12HIjXWo+UOCDpevP1UWRoaAgNysaD1/l3teBKvgbSeG9bRssfOQ==",
        "dependencies": {
          "Microsoft.CodeCoverage": "16.6.1"
        }
      },
      "Moq": {
        "type": "Direct",
        "requested": "[4.18.2, )",
        "resolved": "4.18.2",
        "contentHash": "SjxKYS5nX6prcaT8ZjbkONh3vnh0Rxru09+gQ1a07v4TM530Oe/jq3Q4dOZPfo1wq0LYmTgLOZKrqRfEx4auPw==",
        "dependencies": {
          "Castle.Core": "5.1.0",
          "System.Threading.Tasks.Extensions": "4.5.4"
        }
      },
      "MSTest.TestAdapter": {
        "type": "Direct",
        "requested": "[1.4.0, )",
        "resolved": "1.4.0",
        "contentHash": "t2/rL9DG+cVAgPs98OGm2sbZ4FTgn+MGEan5P9NRAgqMV3+nYRKG7/5R0jY7lBMq9ISms+84MSqTHWs6QnPt4A=="
      },
      "MSTest.TestFramework": {
        "type": "Direct",
        "requested": "[1.4.0, )",
        "resolved": "1.4.0",
        "contentHash": "kV/yZ0XLiOElsVeLT0GnNrsoKcPvVNOP6Cv2zkAiceJY0rpro0L+3t54bRApLwTg1mxlo4rLziBG7X6X69KcrQ=="
      },
      "Newtonsoft.Json": {
        "type": "Direct",
        "requested": "[13.0.3, )",
        "resolved": "13.0.3",
        "contentHash": "HrC5BXdl00IP9zeV+0Z848QWPAoCr9P3bDEZguI+gkLcBKAOxix/tLEAAHC+UvDNPv4a2d18lOReHMOagPa+zQ=="
      },
      "NSubstitute": {
        "type": "Direct",
        "requested": "[5.1.0, )",
        "resolved": "5.1.0",
        "contentHash": "ZCqOP3Kpp2ea7QcLyjMU4wzE+0wmrMN35PQMsdPOHYc2IrvjmusG9hICOiqiOTPKN0gJon6wyCn6ZuGHdNs9hQ==",
        "dependencies": {
          "Castle.Core": "5.1.1",
          "System.Threading.Tasks.Extensions": "4.3.0"
        }
      },
      "BouncyCastle": {
        "type": "Transitive",
        "resolved": "1.8.9",
        "contentHash": "axnBgvdD5n+FnEG6efk/tfKuMFru7R/EoISH9zjh319yb3HD24TEHSAbNN/lTRT2ulOGRxDgOsCjkuk08iwWPg=="
      },
      "Castle.Core": {
        "type": "Transitive",
        "resolved": "5.1.1",
        "contentHash": "rpYtIczkzGpf+EkZgDr9CClTdemhsrwA/W5hMoPjLkRFnXzH44zDLoovXeKtmxb1ykXK9aJVODSpiJml8CTw2g=="
      },
      "Grpc.Tools": {
        "type": "Transitive",
        "resolved": "1.4.1",
        "contentHash": "D5AcNr0yPFz5dqftJYKnMtwg6AEMUics+UysxTXKVuZtresqWUcHIrnscM+KsAIreG7wvdumWzjdIXRIMekCLg=="
      },
      "Microsoft.CodeCoverage": {
        "type": "Transitive",
        "resolved": "16.6.1",
        "contentHash": "nBYXDgAZCfjsOVzlhMB5olGvX4dTDWB/gWaYS/MhgXBcCz8XJuVGqkfK8LmwlBR/eeUPE9Q/NFZNwlJyMZf0vg=="
      },
      "System.Net.Http": {
        "type": "Transitive",
        "resolved": "4.0.0",
        "contentHash": "mZuAl7jw/mFY8jUq4ITKECxVBh9a8SJt9BC/+lJbmo7cRKspxE3PsITz+KiaCEsexN5WYPzwBOx0oJH/0HlPyQ=="
      },
      "System.Runtime.CompilerServices.Unsafe": {
        "type": "Transitive",
        "resolved": "4.5.3",
        "contentHash": "3TIsJhD1EiiT0w2CcDMN/iSSwnNnsrnbzeVHSKkaEgV85txMprmuO+Yq2AdSbeVGcg28pdNDTPK87tJhX7VFHw=="
      },
      "System.Threading.Tasks.Extensions": {
        "type": "Transitive",
        "resolved": "4.5.4",
        "contentHash": "zteT+G8xuGu6mS+mzDzYXbzS7rd3K6Fjb9RiZlYlJPam2/hU7JCBZBVEcywNuR+oZ1ncTvc/cq0faRr3P01OVg==",
        "dependencies": {
          "System.Runtime.CompilerServices.Unsafe": "4.5.3"
        }
      },
      "sonarqube.client": {
        "type": "Project",
        "dependencies": {
          "BouncyCastle": "[1.8.9, )",
          "Google.Protobuf": "[3.6.1, )",
          "Grpc.Tools": "[1.4.1, )",
          "Newtonsoft.Json": "[13.0.3, )",
          "System.Net.Http": "[4.0.0, )"
        }
      }
    }
  }
}