{
  "version": 1,
  "dependencies": {
    ".NETFramework,Version=v4.7.2": {
      "BouncyCastle.Cryptography": {
        "type": "Direct",
        "requested": "[2.4.0, )",
        "resolved": "2.4.0",
        "contentHash": "SwXsAV3sMvAU/Nn31pbjhWurYSjJ+/giI/0n6tCrYoupEK34iIHCuk3STAd9fx8yudM85KkLSVdn951vTng/vQ=="
      },
      "Google.Protobuf": {
        "type": "Direct",
        "requested": "[3.6.1, )",
        "resolved": "3.6.1",
        "contentHash": "741fGeDQjixBJaU2j+0CbrmZXsNJkTn/hWbOh4fLVXndHsCclJmWznCPWrJmPoZKvajBvAz3e8ECJOUvRtwjNQ=="
      },
      "Grpc.Tools": {
        "type": "Direct",
        "requested": "[1.4.1, )",
        "resolved": "1.4.1",
        "contentHash": "D5AcNr0yPFz5dqftJYKnMtwg6AEMUics+UysxTXKVuZtresqWUcHIrnscM+KsAIreG7wvdumWzjdIXRIMekCLg=="
      },
      "Newtonsoft.Json": {
        "type": "Direct",
        "requested": "[13.0.3, )",
        "resolved": "13.0.3",
        "contentHash": "HrC5BXdl00IP9zeV+0Z848QWPAoCr9P3bDEZguI+gkLcBKAOxix/tLEAAHC+UvDNPv4a2d18lOReHMOagPa+zQ=="
      },
      "System.Net.Http": {
        "type": "Direct",
        "requested": "[4.0.0, )",
        "resolved": "4.0.0",
        "contentHash": "mZuAl7jw/mFY8jUq4ITKECxVBh9a8SJt9BC/+lJbmo7cRKspxE3PsITz+KiaCEsexN5WYPzwBOx0oJH/0HlPyQ=="
      }
    }
  }
}