{
  "version": 1,
  "dependencies": {
    ".NETFramework,Version=v4.6": {
      "BouncyCastle": {
        "type": "Direct",
        "requested": "[1.8.6.1, )",
        "resolved": "1.8.6.1",
        "contentHash": "rkqpuKmJkdcfTMBkIj1b5nMdBAWKwAyh+I/BQYeqqSD2jkIlhwc9qBNKmSbnpmmm5c29qHZGLpvBSTNWvDLtQA=="
      },
      "Google.Protobuf": {
        "type": "Direct",
        "requested": "[3.6.1, )",
        "resolved": "3.6.1",
        "contentHash": "741fGeDQjixBJaU2j+0CbrmZXsNJkTn/hWbOh4fLVXndHsCclJmWznCPWrJmPoZKvajBvAz3e8ECJOUvRtwjNQ=="
      },
      "Grpc.Tools": {
        "type": "Direct",
        "requested": "[1.4.1, )",
        "resolved": "1.4.1",
        "contentHash": "D5AcNr0yPFz5dqftJYKnMtwg6AEMUics+UysxTXKVuZtresqWUcHIrnscM+KsAIreG7wvdumWzjdIXRIMekCLg=="
      },
      "Newtonsoft.Json": {
        "type": "Direct",
        "requested": "[8.0.3, )",
        "resolved": "8.0.3",
        "contentHash": "KGsYQdS2zLH+H8x2cZaSI7e+YZ4SFIbyy1YJQYl6GYBWjf5o4H1A68nxyq+WTyVSOJQ4GqS/DiPE+UseUizgMg=="
      },
      "System.Net.Http": {
        "type": "Direct",
        "requested": "[4.0.0, )",
        "resolved": "4.0.0",
        "contentHash": "mZuAl7jw/mFY8jUq4ITKECxVBh9a8SJt9BC/+lJbmo7cRKspxE3PsITz+KiaCEsexN5WYPzwBOx0oJH/0HlPyQ=="
      }
    }
  }
}