{
  "version": 1,
  "dependencies": {
    ".NETFramework,Version=v4.8": {
      "FluentAssertions": {
        "type": "Direct",
        "requested": "[5.9.0, )",
        "resolved": "5.9.0",
        "contentHash": "JZxb5DuspmuH4A5p9bfj060evQnwIUkxxfFMG9F/pa7gl1Ry2r2nuQbu5G4UWGQQTtpTxPpVowqNDdBkA0G2Mw=="
      },
      "Microsoft.NET.Test.Sdk": {
        "type": "Direct",
        "requested": "[16.5.0, )",
        "resolved": "16.5.0",
        "contentHash": "yHZOhVSPuGqgHi+KhHiAZqNY08avkQraXKvgKgDU8c/ztmGzw7gmukkv49EaTq6T3xmp4XroWk3gAlbJHMxl8w==",
        "dependencies": {
          "Microsoft.CodeCoverage": "16.5.0"
        }
      },
      "Moq": {
        "type": "Direct",
        "requested": "[4.18.2, )",
        "resolved": "4.18.2",
        "contentHash": "SjxKYS5nX6prcaT8ZjbkONh3vnh0Rxru09+gQ1a07v4TM530Oe/jq3Q4dOZPfo1wq0LYmTgLOZKrqRfEx4auPw==",
        "dependencies": {
          "Castle.Core": "5.1.0",
          "System.Threading.Tasks.Extensions": "4.5.4"
        }
      },
      "MSTest.TestAdapter": {
        "type": "Direct",
        "requested": "[1.4.0, )",
        "resolved": "1.4.0",
        "contentHash": "t2/rL9DG+cVAgPs98OGm2sbZ4FTgn+MGEan5P9NRAgqMV3+nYRKG7/5R0jY7lBMq9ISms+84MSqTHWs6QnPt4A=="
      },
      "MSTest.TestFramework": {
        "type": "Direct",
        "requested": "[1.4.0, )",
        "resolved": "1.4.0",
        "contentHash": "kV/yZ0XLiOElsVeLT0GnNrsoKcPvVNOP6Cv2zkAiceJY0rpro0L+3t54bRApLwTg1mxlo4rLziBG7X6X69KcrQ=="
      },
      "BouncyCastle": {
        "type": "Transitive",
        "resolved": "1.8.9",
        "contentHash": "axnBgvdD5n+FnEG6efk/tfKuMFru7R/EoISH9zjh319yb3HD24TEHSAbNN/lTRT2ulOGRxDgOsCjkuk08iwWPg=="
      },
      "Castle.Core": {
        "type": "Transitive",
        "resolved": "5.1.0",
        "contentHash": "31UJpTHOiWq95CDOHazE3Ub/hE/PydNWsJMwnEVTqFFP4WhAugwpaVGxzOxKgNeSUUeqS2W6lxV+q7u1pAOfXg=="
      },
      "Google.Protobuf": {
        "type": "Transitive",
        "resolved": "3.6.1",
        "contentHash": "741fGeDQjixBJaU2j+0CbrmZXsNJkTn/hWbOh4fLVXndHsCclJmWznCPWrJmPoZKvajBvAz3e8ECJOUvRtwjNQ=="
      },
      "Grpc.Tools": {
        "type": "Transitive",
        "resolved": "1.4.1",
        "contentHash": "D5AcNr0yPFz5dqftJYKnMtwg6AEMUics+UysxTXKVuZtresqWUcHIrnscM+KsAIreG7wvdumWzjdIXRIMekCLg=="
      },
      "LibGit2Sharp": {
        "type": "Transitive",
        "resolved": "0.26.2",
        "contentHash": "qHLhuI8VEtMf7jiurT/Ypquh37S6ngllCx+aq9uqOY2evok7Fb2AzhJgvNctsXOzHaJwveBs+30sPQJFn/pISg==",
        "dependencies": {
          "LibGit2Sharp.NativeBinaries": "[2.0.306]"
        }
      },
      "LibGit2Sharp.NativeBinaries": {
        "type": "Transitive",
        "resolved": "2.0.306",
        "contentHash": "LY9nyPE2X/eLl69ttuDPFFlKR8b5KXlqYej1YR1YmqmhF8Izo+vPX90q5ouOO5YGCf5d4lDUOC0x2yMWw00P7Q=="
      },
      "Microsoft.CodeCoverage": {
        "type": "Transitive",
        "resolved": "16.5.0",
        "contentHash": "PM5YLtyN45EyUGePJpaNogndlaQPrMgQQXHKMhMESC6KfSVvt+j7+dxBi8NYC6X6dZVysf7ngwhSW3wwvPJRSQ=="
      },
      "Newtonsoft.Json": {
        "type": "Transitive",
        "resolved": "13.0.1",
        "contentHash": "ppPFpBcvxdsfUonNcvITKqLl3bqxWbDCZIzDWHzjpdAHRFfZe0Dw9HmA0+za13IdyrgJwpkDTDA9fHaxOrt20A=="
      },
      "System.IO.Abstractions": {
        "type": "Transitive",
        "resolved": "9.0.4",
        "contentHash": "1h4krG51ZiW/CGzM8gtqrRW2oeG6WZDfPaj27suexL8PxBVahsUlUKMJrqI4kkh6ggHLSDd7MFeU8orpk6COZg=="
      },
      "System.Net.Http": {
        "type": "Transitive",
        "resolved": "4.0.0",
        "contentHash": "mZuAl7jw/mFY8jUq4ITKECxVBh9a8SJt9BC/+lJbmo7cRKspxE3PsITz+KiaCEsexN5WYPzwBOx0oJH/0HlPyQ=="
      },
      "System.Runtime.CompilerServices.Unsafe": {
        "type": "Transitive",
        "resolved": "4.5.3",
        "contentHash": "3TIsJhD1EiiT0w2CcDMN/iSSwnNnsrnbzeVHSKkaEgV85txMprmuO+Yq2AdSbeVGcg28pdNDTPK87tJhX7VFHw=="
      },
      "System.Threading.Tasks.Extensions": {
        "type": "Transitive",
        "resolved": "4.5.4",
        "contentHash": "zteT+G8xuGu6mS+mzDzYXbzS7rd3K6Fjb9RiZlYlJPam2/hU7JCBZBVEcywNuR+oZ1ncTvc/cq0faRr3P01OVg==",
        "dependencies": {
          "System.Runtime.CompilerServices.Unsafe": "4.5.3"
        }
      },
      "SonarLint.VisualStudio.ConnectedMode": {
        "type": "Project",
        "dependencies": {
          "LibGit2Sharp": "[0.26.2, )",
          "SonarLint.VisualStudio.Core": "[1.0.0, )"
        }
      },
      "SonarLint.VisualStudio.Core": {
        "type": "Project",
        "dependencies": {
          "Newtonsoft.Json": "[13.0.1, )",
          "SonarQube.Client": "[1.0.0, )",
          "System.IO.Abstractions": "[9.0.4, )"
        }
      },
      "sonarqube.client": {
        "type": "Project",
        "dependencies": {
          "BouncyCastle": "[1.8.9, )",
          "Google.Protobuf": "[3.6.1, )",
          "Grpc.Tools": "[1.4.1, )",
          "Newtonsoft.Json": "[13.0.1, )",
          "System.Net.Http": "[4.0.0, )"
        }
      }
    }
  }
}