{
  "version": 1,
  "dependencies": {
    ".NETFramework,Version=v4.7.2": {
      "Newtonsoft.Json": {
        "type": "Direct",
        "requested": "[13.0.3, )",
        "resolved": "13.0.3",
        "contentHash": "HrC5BXdl00IP9zeV+0Z848QWPAoCr9P3bDEZguI+gkLcBKAOxix/tLEAAHC+UvDNPv4a2d18lOReHMOagPa+zQ=="
      },
      "System.IO.Abstractions": {
        "type": "Direct",
        "requested": "[9.0.4, )",
        "resolved": "9.0.4",
        "contentHash": "1h4krG51ZiW/CGzM8gtqrRW2oeG6WZDfPaj27suexL8PxBVahsUlUKMJrqI4kkh6ggHLSDd7MFeU8orpk6COZg=="
      },
      "System.Threading.Channels": {
        "type": "Direct",
        "requested": "[7.0.0, )",
        "resolved": "7.0.0",
        "contentHash": "qmeeYNROMsONF6ndEZcIQ+VxR4Q/TX/7uIVLJqtwIWL7dDWeh0l1UIqgo4wYyjG//5lUNhwkLDSFl+pAWO6oiA==",
        "dependencies": {
          "System.Threading.Tasks.Extensions": "4.5.4"
        }
      },
      "BouncyCastle.Cryptography": {
        "type": "Transitive",
        "resolved": "2.4.0",
        "contentHash": "SwXsAV3sMvAU/Nn31pbjhWurYSjJ+/giI/0n6tCrYoupEK34iIHCuk3STAd9fx8yudM85KkLSVdn951vTng/vQ=="
      },
      "Google.Protobuf": {
        "type": "Transitive",
        "resolved": "3.6.1",
        "contentHash": "741fGeDQjixBJaU2j+0CbrmZXsNJkTn/hWbOh4fLVXndHsCclJmWznCPWrJmPoZKvajBvAz3e8ECJOUvRtwjNQ=="
      },
      "Grpc.Tools": {
        "type": "Transitive",
        "resolved": "1.4.1",
        "contentHash": "D5AcNr0yPFz5dqftJYKnMtwg6AEMUics+UysxTXKVuZtresqWUcHIrnscM+KsAIreG7wvdumWzjdIXRIMekCLg=="
      },
      "System.Net.Http": {
        "type": "Transitive",
        "resolved": "4.0.0",
        "contentHash": "mZuAl7jw/mFY8jUq4ITKECxVBh9a8SJt9BC/+lJbmo7cRKspxE3PsITz+KiaCEsexN5WYPzwBOx0oJH/0HlPyQ=="
      },
      "System.Runtime.CompilerServices.Unsafe": {
        "type": "Transitive",
        "resolved": "4.5.3",
        "contentHash": "3TIsJhD1EiiT0w2CcDMN/iSSwnNnsrnbzeVHSKkaEgV85txMprmuO+Yq2AdSbeVGcg28pdNDTPK87tJhX7VFHw=="
      },
      "System.Threading.Tasks.Extensions": {
        "type": "Transitive",
        "resolved": "4.5.4",
        "contentHash": "zteT+G8xuGu6mS+mzDzYXbzS7rd3K6Fjb9RiZlYlJPam2/hU7JCBZBVEcywNuR+oZ1ncTvc/cq0faRr3P01OVg==",
        "dependencies": {
          "System.Runtime.CompilerServices.Unsafe": "4.5.3"
        }
      },
      "sonarqube.client": {
        "type": "Project",
        "dependencies": {
          "BouncyCastle.Cryptography": "[2.4.0, )",
          "Google.Protobuf": "[3.6.1, )",
          "Grpc.Tools": "[1.4.1, )",
          "Newtonsoft.Json": "[13.0.3, )",
          "System.Net.Http": "[4.0.0, )"
        }
      }
    }
  }
}