{
  "version": 1,
  "dependencies": {
    ".NETFramework,Version=v4.8": {
      "MSTest.TestAdapter": {
        "type": "Direct",
        "requested": "[2.2.7, )",
        "resolved": "2.2.8",
        "contentHash": "BzxcfLaOZ25g8usreCBwFvpzH9LcR56pSkMbERO718cTQyAChXBYVuNIU3uK9stCcUWdXxIYl4WloiIu/C/PMQ=="
      },
      "MSTest.TestFramework": {
        "type": "Direct",
        "requested": "[2.2.7, )",
        "resolved": "2.2.8",
        "contentHash": "phUoHuGTuw9T5yekxPHLLLq8jE56yufmh2yPlJq1IfkT4a3tYZ2htkeTlnQmzmJP3hI5xYhlqwiHcy3JqVt/OA=="
      },
      "Newtonsoft.Json": {
        "type": "Direct",
        "requested": "[13.0.1, )",
        "resolved": "13.0.1",
        "contentHash": "ppPFpBcvxdsfUonNcvITKqLl3bqxWbDCZIzDWHzjpdAHRFfZe0Dw9HmA0+za13IdyrgJwpkDTDA9fHaxOrt20A=="
      },
      "System.IO.Abstractions": {
        "type": "Direct",
        "requested": "[9.0.4, )",
        "resolved": "9.0.4",
        "contentHash": "1h4krG51ZiW/CGzM8gtqrRW2oeG6WZDfPaj27suexL8PxBVahsUlUKMJrqI4kkh6ggHLSDd7MFeU8orpk6COZg=="
      }
    },
    ".NETFramework,Version=v4.8/win": {},
    ".NETFramework,Version=v4.8/win-x64": {},
    ".NETFramework,Version=v4.8/win-x86": {}
  }
}